
Microsoft Visual Studio Solution File, Format Version 12.00
# Visual Studio 14
VisualStudioVersion = 14.0.25420.1
MinimumVisualStudioVersion = 10.0.40219.1
Project("{2150E333-8FDC-42A3-9474-1A3956D46DE8}") = "FleeAndCatch", "FleeAndCatch", "{D1211404-B6B9-4A8D-BE00-9E3B3D1F82CF}"
EndProject
Project("{2150E333-8FDC-42A3-9474-1A3956D46DE8}") = "App", "App", "{06380C11-A014-42EB-B123-4E5DA717AEA9}"
EndProject
Project("{FAE04EC0-301F-11D3-BF4B-00C04F79EFBC}") = "FleeAndCatch_App", "FleeAndCatch-App\FleeAndCatch_App\FleeAndCatch_App.csproj", "{21DD5144-51B4-401E-8A59-CDB0990A9D6B}"
EndProject
Project("{FAE04EC0-301F-11D3-BF4B-00C04F79EFBC}") = "FleeAndCatch_App.Droid", "FleeAndCatch-App\FleeAndCatch_App.Droid\FleeAndCatch_App.Droid.csproj", "{CD58570B-E216-4893-8EC6-19F7E2F9F57F}"
EndProject
Project("{FAE04EC0-301F-11D3-BF4B-00C04F79EFBC}") = "FleeAndCatch_App.iOS", "FleeAndCatch-App\FleeAndCatch_App.iOS\FleeAndCatch_App.iOS.csproj", "{91B34469-ACDA-47EB-93BB-3302C413ECFB}"
EndProject
Project("{FAE04EC0-301F-11D3-BF4B-00C04F79EFBC}") = "FleeAndCatch_App.WinPhone", "FleeAndCatch-App\FleeAndCatch_App.WinPhone\FleeAndCatch_App.WinPhone.csproj", "{D4EE2737-EC3C-48CD-BE7B-E808AC223772}"
EndProject
Project("{FAE04EC0-301F-11D3-BF4B-00C04F79EFBC}") = "FleeAndCatch_App.UWP", "FleeAndCatch-App\FleeAndCatch_App.UWP\FleeAndCatch_App.UWP.csproj", "{8888B68D-41E6-44F7-8171-4401D8B2747E}"
EndProject
Project("{FAE04EC0-301F-11D3-BF4B-00C04F79EFBC}") = "FleeAndCatch_App.Windows", "FleeAndCatch-App\FleeAndCatch_App.Windows\FleeAndCatch_App.Windows.csproj", "{BEDD12D9-5A17-442F-9527-7F8F5A228243}"
EndProject
Project("{FAE04EC0-301F-11D3-BF4B-00C04F79EFBC}") = "FleeAndCatch", "FleeAndCatch\FleeAndCatch.csproj", "{0B2D4DF0-9E8B-458E-8567-FA08ED275B05}"
EndProject
Global
	GlobalSection(SolutionConfigurationPlatforms) = preSolution
		Ad-Hoc|Any CPU = Ad-Hoc|Any CPU
		Ad-Hoc|ARM = Ad-Hoc|ARM
		Ad-Hoc|iPhone = Ad-Hoc|iPhone
		Ad-Hoc|iPhoneSimulator = Ad-Hoc|iPhoneSimulator
		Ad-Hoc|x64 = Ad-Hoc|x64
		Ad-Hoc|x86 = Ad-Hoc|x86
		AppStore|Any CPU = AppStore|Any CPU
		AppStore|ARM = AppStore|ARM
		AppStore|iPhone = AppStore|iPhone
		AppStore|iPhoneSimulator = AppStore|iPhoneSimulator
		AppStore|x64 = AppStore|x64
		AppStore|x86 = AppStore|x86
		Debug|Any CPU = Debug|Any CPU
		Debug|ARM = Debug|ARM
		Debug|iPhone = Debug|iPhone
		Debug|iPhoneSimulator = Debug|iPhoneSimulator
		Debug|x64 = Debug|x64
		Debug|x86 = Debug|x86
		Release|Any CPU = Release|Any CPU
		Release|ARM = Release|ARM
		Release|iPhone = Release|iPhone
		Release|iPhoneSimulator = Release|iPhoneSimulator
		Release|x64 = Release|x64
		Release|x86 = Release|x86
	EndGlobalSection
	GlobalSection(ProjectConfigurationPlatforms) = postSolution
		{21DD5144-51B4-401E-8A59-CDB0990A9D6B}.Ad-Hoc|Any CPU.ActiveCfg = Release|Any CPU
		{21DD5144-51B4-401E-8A59-CDB0990A9D6B}.Ad-Hoc|Any CPU.Build.0 = Release|Any CPU
		{21DD5144-51B4-401E-8A59-CDB0990A9D6B}.Ad-Hoc|ARM.ActiveCfg = Release|Any CPU
		{21DD5144-51B4-401E-8A59-CDB0990A9D6B}.Ad-Hoc|ARM.Build.0 = Release|Any CPU
		{21DD5144-51B4-401E-8A59-CDB0990A9D6B}.Ad-Hoc|iPhone.ActiveCfg = Release|Any CPU
		{21DD5144-51B4-401E-8A59-CDB0990A9D6B}.Ad-Hoc|iPhone.Build.0 = Release|Any CPU
		{21DD5144-51B4-401E-8A59-CDB0990A9D6B}.Ad-Hoc|iPhoneSimulator.ActiveCfg = Release|Any CPU
		{21DD5144-51B4-401E-8A59-CDB0990A9D6B}.Ad-Hoc|iPhoneSimulator.Build.0 = Release|Any CPU
		{21DD5144-51B4-401E-8A59-CDB0990A9D6B}.Ad-Hoc|x64.ActiveCfg = Release|Any CPU
		{21DD5144-51B4-401E-8A59-CDB0990A9D6B}.Ad-Hoc|x64.Build.0 = Release|Any CPU
		{21DD5144-51B4-401E-8A59-CDB0990A9D6B}.Ad-Hoc|x86.ActiveCfg = Release|Any CPU
		{21DD5144-51B4-401E-8A59-CDB0990A9D6B}.Ad-Hoc|x86.Build.0 = Release|Any CPU
		{21DD5144-51B4-401E-8A59-CDB0990A9D6B}.AppStore|Any CPU.ActiveCfg = Release|Any CPU
		{21DD5144-51B4-401E-8A59-CDB0990A9D6B}.AppStore|Any CPU.Build.0 = Release|Any CPU
		{21DD5144-51B4-401E-8A59-CDB0990A9D6B}.AppStore|ARM.ActiveCfg = Release|Any CPU
		{21DD5144-51B4-401E-8A59-CDB0990A9D6B}.AppStore|ARM.Build.0 = Release|Any CPU
		{21DD5144-51B4-401E-8A59-CDB0990A9D6B}.AppStore|iPhone.ActiveCfg = Release|Any CPU
		{21DD5144-51B4-401E-8A59-CDB0990A9D6B}.AppStore|iPhone.Build.0 = Release|Any CPU
		{21DD5144-51B4-401E-8A59-CDB0990A9D6B}.AppStore|iPhoneSimulator.ActiveCfg = Release|Any CPU
		{21DD5144-51B4-401E-8A59-CDB0990A9D6B}.AppStore|iPhoneSimulator.Build.0 = Release|Any CPU
		{21DD5144-51B4-401E-8A59-CDB0990A9D6B}.AppStore|x64.ActiveCfg = Release|Any CPU
		{21DD5144-51B4-401E-8A59-CDB0990A9D6B}.AppStore|x64.Build.0 = Release|Any CPU
		{21DD5144-51B4-401E-8A59-CDB0990A9D6B}.AppStore|x86.ActiveCfg = Release|Any CPU
		{21DD5144-51B4-401E-8A59-CDB0990A9D6B}.AppStore|x86.Build.0 = Release|Any CPU
		{21DD5144-51B4-401E-8A59-CDB0990A9D6B}.Debug|Any CPU.ActiveCfg = Debug|Any CPU
		{21DD5144-51B4-401E-8A59-CDB0990A9D6B}.Debug|Any CPU.Build.0 = Debug|Any CPU
		{21DD5144-51B4-401E-8A59-CDB0990A9D6B}.Debug|ARM.ActiveCfg = Debug|Any CPU
		{21DD5144-51B4-401E-8A59-CDB0990A9D6B}.Debug|ARM.Build.0 = Debug|Any CPU
		{21DD5144-51B4-401E-8A59-CDB0990A9D6B}.Debug|iPhone.ActiveCfg = Debug|Any CPU
		{21DD5144-51B4-401E-8A59-CDB0990A9D6B}.Debug|iPhone.Build.0 = Debug|Any CPU
		{21DD5144-51B4-401E-8A59-CDB0990A9D6B}.Debug|iPhoneSimulator.ActiveCfg = Debug|Any CPU
		{21DD5144-51B4-401E-8A59-CDB0990A9D6B}.Debug|iPhoneSimulator.Build.0 = Debug|Any CPU
		{21DD5144-51B4-401E-8A59-CDB0990A9D6B}.Debug|x64.ActiveCfg = Debug|Any CPU
		{21DD5144-51B4-401E-8A59-CDB0990A9D6B}.Debug|x64.Build.0 = Debug|Any CPU
		{21DD5144-51B4-401E-8A59-CDB0990A9D6B}.Debug|x86.ActiveCfg = Debug|Any CPU
		{21DD5144-51B4-401E-8A59-CDB0990A9D6B}.Debug|x86.Build.0 = Debug|Any CPU
		{21DD5144-51B4-401E-8A59-CDB0990A9D6B}.Release|Any CPU.ActiveCfg = Release|Any CPU
		{21DD5144-51B4-401E-8A59-CDB0990A9D6B}.Release|Any CPU.Build.0 = Release|Any CPU
		{21DD5144-51B4-401E-8A59-CDB0990A9D6B}.Release|ARM.ActiveCfg = Release|Any CPU
		{21DD5144-51B4-401E-8A59-CDB0990A9D6B}.Release|ARM.Build.0 = Release|Any CPU
		{21DD5144-51B4-401E-8A59-CDB0990A9D6B}.Release|iPhone.ActiveCfg = Release|Any CPU
		{21DD5144-51B4-401E-8A59-CDB0990A9D6B}.Release|iPhone.Build.0 = Release|Any CPU
		{21DD5144-51B4-401E-8A59-CDB0990A9D6B}.Release|iPhoneSimulator.ActiveCfg = Release|Any CPU
		{21DD5144-51B4-401E-8A59-CDB0990A9D6B}.Release|iPhoneSimulator.Build.0 = Release|Any CPU
		{21DD5144-51B4-401E-8A59-CDB0990A9D6B}.Release|x64.ActiveCfg = Release|Any CPU
		{21DD5144-51B4-401E-8A59-CDB0990A9D6B}.Release|x64.Build.0 = Release|Any CPU
		{21DD5144-51B4-401E-8A59-CDB0990A9D6B}.Release|x86.ActiveCfg = Release|Any CPU
		{21DD5144-51B4-401E-8A59-CDB0990A9D6B}.Release|x86.Build.0 = Release|Any CPU
		{CD58570B-E216-4893-8EC6-19F7E2F9F57F}.Ad-Hoc|Any CPU.ActiveCfg = Release|Any CPU
		{CD58570B-E216-4893-8EC6-19F7E2F9F57F}.Ad-Hoc|Any CPU.Build.0 = Release|Any CPU
		{CD58570B-E216-4893-8EC6-19F7E2F9F57F}.Ad-Hoc|Any CPU.Deploy.0 = Release|Any CPU
		{CD58570B-E216-4893-8EC6-19F7E2F9F57F}.Ad-Hoc|ARM.ActiveCfg = Release|Any CPU
		{CD58570B-E216-4893-8EC6-19F7E2F9F57F}.Ad-Hoc|ARM.Build.0 = Release|Any CPU
		{CD58570B-E216-4893-8EC6-19F7E2F9F57F}.Ad-Hoc|ARM.Deploy.0 = Release|Any CPU
		{CD58570B-E216-4893-8EC6-19F7E2F9F57F}.Ad-Hoc|iPhone.ActiveCfg = Release|Any CPU
		{CD58570B-E216-4893-8EC6-19F7E2F9F57F}.Ad-Hoc|iPhone.Build.0 = Release|Any CPU
		{CD58570B-E216-4893-8EC6-19F7E2F9F57F}.Ad-Hoc|iPhone.Deploy.0 = Release|Any CPU
		{CD58570B-E216-4893-8EC6-19F7E2F9F57F}.Ad-Hoc|iPhoneSimulator.ActiveCfg = Release|Any CPU
		{CD58570B-E216-4893-8EC6-19F7E2F9F57F}.Ad-Hoc|iPhoneSimulator.Build.0 = Release|Any CPU
		{CD58570B-E216-4893-8EC6-19F7E2F9F57F}.Ad-Hoc|iPhoneSimulator.Deploy.0 = Release|Any CPU
		{CD58570B-E216-4893-8EC6-19F7E2F9F57F}.Ad-Hoc|x64.ActiveCfg = Release|Any CPU
		{CD58570B-E216-4893-8EC6-19F7E2F9F57F}.Ad-Hoc|x64.Build.0 = Release|Any CPU
		{CD58570B-E216-4893-8EC6-19F7E2F9F57F}.Ad-Hoc|x64.Deploy.0 = Release|Any CPU
		{CD58570B-E216-4893-8EC6-19F7E2F9F57F}.Ad-Hoc|x86.ActiveCfg = Release|Any CPU
		{CD58570B-E216-4893-8EC6-19F7E2F9F57F}.Ad-Hoc|x86.Build.0 = Release|Any CPU
		{CD58570B-E216-4893-8EC6-19F7E2F9F57F}.Ad-Hoc|x86.Deploy.0 = Release|Any CPU
		{CD58570B-E216-4893-8EC6-19F7E2F9F57F}.AppStore|Any CPU.ActiveCfg = Release|Any CPU
		{CD58570B-E216-4893-8EC6-19F7E2F9F57F}.AppStore|Any CPU.Build.0 = Release|Any CPU
		{CD58570B-E216-4893-8EC6-19F7E2F9F57F}.AppStore|Any CPU.Deploy.0 = Release|Any CPU
		{CD58570B-E216-4893-8EC6-19F7E2F9F57F}.AppStore|ARM.ActiveCfg = Release|Any CPU
		{CD58570B-E216-4893-8EC6-19F7E2F9F57F}.AppStore|ARM.Build.0 = Release|Any CPU
		{CD58570B-E216-4893-8EC6-19F7E2F9F57F}.AppStore|ARM.Deploy.0 = Release|Any CPU
		{CD58570B-E216-4893-8EC6-19F7E2F9F57F}.AppStore|iPhone.ActiveCfg = Release|Any CPU
		{CD58570B-E216-4893-8EC6-19F7E2F9F57F}.AppStore|iPhone.Build.0 = Release|Any CPU
		{CD58570B-E216-4893-8EC6-19F7E2F9F57F}.AppStore|iPhone.Deploy.0 = Release|Any CPU
		{CD58570B-E216-4893-8EC6-19F7E2F9F57F}.AppStore|iPhoneSimulator.ActiveCfg = Release|Any CPU
		{CD58570B-E216-4893-8EC6-19F7E2F9F57F}.AppStore|iPhoneSimulator.Build.0 = Release|Any CPU
		{CD58570B-E216-4893-8EC6-19F7E2F9F57F}.AppStore|iPhoneSimulator.Deploy.0 = Release|Any CPU
		{CD58570B-E216-4893-8EC6-19F7E2F9F57F}.AppStore|x64.ActiveCfg = Release|Any CPU
		{CD58570B-E216-4893-8EC6-19F7E2F9F57F}.AppStore|x64.Build.0 = Release|Any CPU
		{CD58570B-E216-4893-8EC6-19F7E2F9F57F}.AppStore|x64.Deploy.0 = Release|Any CPU
		{CD58570B-E216-4893-8EC6-19F7E2F9F57F}.AppStore|x86.ActiveCfg = Release|Any CPU
		{CD58570B-E216-4893-8EC6-19F7E2F9F57F}.AppStore|x86.Build.0 = Release|Any CPU
		{CD58570B-E216-4893-8EC6-19F7E2F9F57F}.AppStore|x86.Deploy.0 = Release|Any CPU
		{CD58570B-E216-4893-8EC6-19F7E2F9F57F}.Debug|Any CPU.ActiveCfg = Debug|Any CPU
		{CD58570B-E216-4893-8EC6-19F7E2F9F57F}.Debug|Any CPU.Build.0 = Debug|Any CPU
		{CD58570B-E216-4893-8EC6-19F7E2F9F57F}.Debug|Any CPU.Deploy.0 = Debug|Any CPU
		{CD58570B-E216-4893-8EC6-19F7E2F9F57F}.Debug|ARM.ActiveCfg = Debug|Any CPU
		{CD58570B-E216-4893-8EC6-19F7E2F9F57F}.Debug|ARM.Build.0 = Debug|Any CPU
		{CD58570B-E216-4893-8EC6-19F7E2F9F57F}.Debug|ARM.Deploy.0 = Debug|Any CPU
		{CD58570B-E216-4893-8EC6-19F7E2F9F57F}.Debug|iPhone.ActiveCfg = Debug|Any CPU
		{CD58570B-E216-4893-8EC6-19F7E2F9F57F}.Debug|iPhone.Build.0 = Debug|Any CPU
		{CD58570B-E216-4893-8EC6-19F7E2F9F57F}.Debug|iPhone.Deploy.0 = Debug|Any CPU
		{CD58570B-E216-4893-8EC6-19F7E2F9F57F}.Debug|iPhoneSimulator.ActiveCfg = Debug|Any CPU
		{CD58570B-E216-4893-8EC6-19F7E2F9F57F}.Debug|iPhoneSimulator.Build.0 = Debug|Any CPU
		{CD58570B-E216-4893-8EC6-19F7E2F9F57F}.Debug|iPhoneSimulator.Deploy.0 = Debug|Any CPU
		{CD58570B-E216-4893-8EC6-19F7E2F9F57F}.Debug|x64.ActiveCfg = Debug|Any CPU
		{CD58570B-E216-4893-8EC6-19F7E2F9F57F}.Debug|x64.Build.0 = Debug|Any CPU
		{CD58570B-E216-4893-8EC6-19F7E2F9F57F}.Debug|x64.Deploy.0 = Debug|Any CPU
		{CD58570B-E216-4893-8EC6-19F7E2F9F57F}.Debug|x86.ActiveCfg = Debug|Any CPU
		{CD58570B-E216-4893-8EC6-19F7E2F9F57F}.Debug|x86.Build.0 = Debug|Any CPU
		{CD58570B-E216-4893-8EC6-19F7E2F9F57F}.Debug|x86.Deploy.0 = Debug|Any CPU
		{CD58570B-E216-4893-8EC6-19F7E2F9F57F}.Release|Any CPU.ActiveCfg = Release|Any CPU
		{CD58570B-E216-4893-8EC6-19F7E2F9F57F}.Release|Any CPU.Build.0 = Release|Any CPU
		{CD58570B-E216-4893-8EC6-19F7E2F9F57F}.Release|Any CPU.Deploy.0 = Release|Any CPU
		{CD58570B-E216-4893-8EC6-19F7E2F9F57F}.Release|ARM.ActiveCfg = Release|Any CPU
		{CD58570B-E216-4893-8EC6-19F7E2F9F57F}.Release|ARM.Build.0 = Release|Any CPU
		{CD58570B-E216-4893-8EC6-19F7E2F9F57F}.Release|ARM.Deploy.0 = Release|Any CPU
		{CD58570B-E216-4893-8EC6-19F7E2F9F57F}.Release|iPhone.ActiveCfg = Release|Any CPU
		{CD58570B-E216-4893-8EC6-19F7E2F9F57F}.Release|iPhone.Build.0 = Release|Any CPU
		{CD58570B-E216-4893-8EC6-19F7E2F9F57F}.Release|iPhone.Deploy.0 = Release|Any CPU
		{CD58570B-E216-4893-8EC6-19F7E2F9F57F}.Release|iPhoneSimulator.ActiveCfg = Release|Any CPU
		{CD58570B-E216-4893-8EC6-19F7E2F9F57F}.Release|iPhoneSimulator.Build.0 = Release|Any CPU
		{CD58570B-E216-4893-8EC6-19F7E2F9F57F}.Release|iPhoneSimulator.Deploy.0 = Release|Any CPU
		{CD58570B-E216-4893-8EC6-19F7E2F9F57F}.Release|x64.ActiveCfg = Release|Any CPU
		{CD58570B-E216-4893-8EC6-19F7E2F9F57F}.Release|x64.Build.0 = Release|Any CPU
		{CD58570B-E216-4893-8EC6-19F7E2F9F57F}.Release|x64.Deploy.0 = Release|Any CPU
		{CD58570B-E216-4893-8EC6-19F7E2F9F57F}.Release|x86.ActiveCfg = Release|Any CPU
		{CD58570B-E216-4893-8EC6-19F7E2F9F57F}.Release|x86.Build.0 = Release|Any CPU
		{CD58570B-E216-4893-8EC6-19F7E2F9F57F}.Release|x86.Deploy.0 = Release|Any CPU
		{91B34469-ACDA-47EB-93BB-3302C413ECFB}.Ad-Hoc|Any CPU.ActiveCfg = Ad-Hoc|iPhone
		{91B34469-ACDA-47EB-93BB-3302C413ECFB}.Ad-Hoc|ARM.ActiveCfg = Ad-Hoc|iPhone
		{91B34469-ACDA-47EB-93BB-3302C413ECFB}.Ad-Hoc|iPhone.ActiveCfg = Ad-Hoc|iPhone
		{91B34469-ACDA-47EB-93BB-3302C413ECFB}.Ad-Hoc|iPhone.Build.0 = Ad-Hoc|iPhone
		{91B34469-ACDA-47EB-93BB-3302C413ECFB}.Ad-Hoc|iPhoneSimulator.ActiveCfg = Ad-Hoc|iPhoneSimulator
		{91B34469-ACDA-47EB-93BB-3302C413ECFB}.Ad-Hoc|iPhoneSimulator.Build.0 = Ad-Hoc|iPhoneSimulator
		{91B34469-ACDA-47EB-93BB-3302C413ECFB}.Ad-Hoc|x64.ActiveCfg = Ad-Hoc|iPhone
		{91B34469-ACDA-47EB-93BB-3302C413ECFB}.Ad-Hoc|x86.ActiveCfg = Ad-Hoc|iPhone
		{91B34469-ACDA-47EB-93BB-3302C413ECFB}.AppStore|Any CPU.ActiveCfg = AppStore|iPhone
		{91B34469-ACDA-47EB-93BB-3302C413ECFB}.AppStore|ARM.ActiveCfg = AppStore|iPhone
		{91B34469-ACDA-47EB-93BB-3302C413ECFB}.AppStore|iPhone.ActiveCfg = AppStore|iPhone
		{91B34469-ACDA-47EB-93BB-3302C413ECFB}.AppStore|iPhone.Build.0 = AppStore|iPhone
		{91B34469-ACDA-47EB-93BB-3302C413ECFB}.AppStore|iPhoneSimulator.ActiveCfg = AppStore|iPhoneSimulator
		{91B34469-ACDA-47EB-93BB-3302C413ECFB}.AppStore|iPhoneSimulator.Build.0 = AppStore|iPhoneSimulator
		{91B34469-ACDA-47EB-93BB-3302C413ECFB}.AppStore|x64.ActiveCfg = AppStore|iPhone
		{91B34469-ACDA-47EB-93BB-3302C413ECFB}.AppStore|x86.ActiveCfg = AppStore|iPhone
		{91B34469-ACDA-47EB-93BB-3302C413ECFB}.Debug|Any CPU.ActiveCfg = Debug|iPhone
		{91B34469-ACDA-47EB-93BB-3302C413ECFB}.Debug|ARM.ActiveCfg = Debug|iPhone
		{91B34469-ACDA-47EB-93BB-3302C413ECFB}.Debug|iPhone.ActiveCfg = Debug|iPhone
		{91B34469-ACDA-47EB-93BB-3302C413ECFB}.Debug|iPhone.Build.0 = Debug|iPhone
		{91B34469-ACDA-47EB-93BB-3302C413ECFB}.Debug|iPhoneSimulator.ActiveCfg = Debug|iPhoneSimulator
		{91B34469-ACDA-47EB-93BB-3302C413ECFB}.Debug|iPhoneSimulator.Build.0 = Debug|iPhoneSimulator
		{91B34469-ACDA-47EB-93BB-3302C413ECFB}.Debug|x64.ActiveCfg = Debug|iPhone
		{91B34469-ACDA-47EB-93BB-3302C413ECFB}.Debug|x86.ActiveCfg = Debug|iPhone
		{91B34469-ACDA-47EB-93BB-3302C413ECFB}.Release|Any CPU.ActiveCfg = Release|iPhone
		{91B34469-ACDA-47EB-93BB-3302C413ECFB}.Release|ARM.ActiveCfg = Release|iPhone
		{91B34469-ACDA-47EB-93BB-3302C413ECFB}.Release|iPhone.ActiveCfg = Release|iPhone
		{91B34469-ACDA-47EB-93BB-3302C413ECFB}.Release|iPhone.Build.0 = Release|iPhone
		{91B34469-ACDA-47EB-93BB-3302C413ECFB}.Release|iPhoneSimulator.ActiveCfg = Release|iPhoneSimulator
		{91B34469-ACDA-47EB-93BB-3302C413ECFB}.Release|iPhoneSimulator.Build.0 = Release|iPhoneSimulator
		{91B34469-ACDA-47EB-93BB-3302C413ECFB}.Release|x64.ActiveCfg = Release|iPhone
		{91B34469-ACDA-47EB-93BB-3302C413ECFB}.Release|x86.ActiveCfg = Release|iPhone
		{D4EE2737-EC3C-48CD-BE7B-E808AC223772}.Ad-Hoc|Any CPU.ActiveCfg = Release|Any CPU
		{D4EE2737-EC3C-48CD-BE7B-E808AC223772}.Ad-Hoc|Any CPU.Build.0 = Release|Any CPU
		{D4EE2737-EC3C-48CD-BE7B-E808AC223772}.Ad-Hoc|Any CPU.Deploy.0 = Release|Any CPU
		{D4EE2737-EC3C-48CD-BE7B-E808AC223772}.Ad-Hoc|ARM.ActiveCfg = Release|ARM
		{D4EE2737-EC3C-48CD-BE7B-E808AC223772}.Ad-Hoc|ARM.Build.0 = Release|ARM
		{D4EE2737-EC3C-48CD-BE7B-E808AC223772}.Ad-Hoc|ARM.Deploy.0 = Release|ARM
		{D4EE2737-EC3C-48CD-BE7B-E808AC223772}.Ad-Hoc|iPhone.ActiveCfg = Release|Any CPU
		{D4EE2737-EC3C-48CD-BE7B-E808AC223772}.Ad-Hoc|iPhone.Build.0 = Release|Any CPU
		{D4EE2737-EC3C-48CD-BE7B-E808AC223772}.Ad-Hoc|iPhone.Deploy.0 = Release|Any CPU
		{D4EE2737-EC3C-48CD-BE7B-E808AC223772}.Ad-Hoc|iPhoneSimulator.ActiveCfg = Release|Any CPU
		{D4EE2737-EC3C-48CD-BE7B-E808AC223772}.Ad-Hoc|iPhoneSimulator.Build.0 = Release|Any CPU
		{D4EE2737-EC3C-48CD-BE7B-E808AC223772}.Ad-Hoc|iPhoneSimulator.Deploy.0 = Release|Any CPU
		{D4EE2737-EC3C-48CD-BE7B-E808AC223772}.Ad-Hoc|x64.ActiveCfg = Release|Any CPU
		{D4EE2737-EC3C-48CD-BE7B-E808AC223772}.Ad-Hoc|x64.Build.0 = Release|Any CPU
		{D4EE2737-EC3C-48CD-BE7B-E808AC223772}.Ad-Hoc|x64.Deploy.0 = Release|Any CPU
		{D4EE2737-EC3C-48CD-BE7B-E808AC223772}.Ad-Hoc|x86.ActiveCfg = Release|x86
		{D4EE2737-EC3C-48CD-BE7B-E808AC223772}.Ad-Hoc|x86.Build.0 = Release|x86
		{D4EE2737-EC3C-48CD-BE7B-E808AC223772}.Ad-Hoc|x86.Deploy.0 = Release|x86
		{D4EE2737-EC3C-48CD-BE7B-E808AC223772}.AppStore|Any CPU.ActiveCfg = Release|Any CPU
		{D4EE2737-EC3C-48CD-BE7B-E808AC223772}.AppStore|Any CPU.Build.0 = Release|Any CPU
		{D4EE2737-EC3C-48CD-BE7B-E808AC223772}.AppStore|Any CPU.Deploy.0 = Release|Any CPU
		{D4EE2737-EC3C-48CD-BE7B-E808AC223772}.AppStore|ARM.ActiveCfg = Release|ARM
		{D4EE2737-EC3C-48CD-BE7B-E808AC223772}.AppStore|ARM.Build.0 = Release|ARM
		{D4EE2737-EC3C-48CD-BE7B-E808AC223772}.AppStore|ARM.Deploy.0 = Release|ARM
		{D4EE2737-EC3C-48CD-BE7B-E808AC223772}.AppStore|iPhone.ActiveCfg = Release|Any CPU
		{D4EE2737-EC3C-48CD-BE7B-E808AC223772}.AppStore|iPhone.Build.0 = Release|Any CPU
		{D4EE2737-EC3C-48CD-BE7B-E808AC223772}.AppStore|iPhone.Deploy.0 = Release|Any CPU
		{D4EE2737-EC3C-48CD-BE7B-E808AC223772}.AppStore|iPhoneSimulator.ActiveCfg = Release|Any CPU
		{D4EE2737-EC3C-48CD-BE7B-E808AC223772}.AppStore|iPhoneSimulator.Build.0 = Release|Any CPU
		{D4EE2737-EC3C-48CD-BE7B-E808AC223772}.AppStore|iPhoneSimulator.Deploy.0 = Release|Any CPU
		{D4EE2737-EC3C-48CD-BE7B-E808AC223772}.AppStore|x64.ActiveCfg = Release|Any CPU
		{D4EE2737-EC3C-48CD-BE7B-E808AC223772}.AppStore|x64.Build.0 = Release|Any CPU
		{D4EE2737-EC3C-48CD-BE7B-E808AC223772}.AppStore|x64.Deploy.0 = Release|Any CPU
		{D4EE2737-EC3C-48CD-BE7B-E808AC223772}.AppStore|x86.ActiveCfg = Release|x86
		{D4EE2737-EC3C-48CD-BE7B-E808AC223772}.AppStore|x86.Build.0 = Release|x86
		{D4EE2737-EC3C-48CD-BE7B-E808AC223772}.AppStore|x86.Deploy.0 = Release|x86
		{D4EE2737-EC3C-48CD-BE7B-E808AC223772}.Debug|Any CPU.ActiveCfg = Debug|Any CPU
		{D4EE2737-EC3C-48CD-BE7B-E808AC223772}.Debug|Any CPU.Build.0 = Debug|Any CPU
		{D4EE2737-EC3C-48CD-BE7B-E808AC223772}.Debug|Any CPU.Deploy.0 = Debug|Any CPU
		{D4EE2737-EC3C-48CD-BE7B-E808AC223772}.Debug|ARM.ActiveCfg = Debug|ARM
		{D4EE2737-EC3C-48CD-BE7B-E808AC223772}.Debug|ARM.Build.0 = Debug|ARM
		{D4EE2737-EC3C-48CD-BE7B-E808AC223772}.Debug|ARM.Deploy.0 = Debug|ARM
		{D4EE2737-EC3C-48CD-BE7B-E808AC223772}.Debug|iPhone.ActiveCfg = Debug|Any CPU
		{D4EE2737-EC3C-48CD-BE7B-E808AC223772}.Debug|iPhone.Build.0 = Debug|Any CPU
		{D4EE2737-EC3C-48CD-BE7B-E808AC223772}.Debug|iPhone.Deploy.0 = Debug|Any CPU
		{D4EE2737-EC3C-48CD-BE7B-E808AC223772}.Debug|iPhoneSimulator.ActiveCfg = Debug|Any CPU
		{D4EE2737-EC3C-48CD-BE7B-E808AC223772}.Debug|iPhoneSimulator.Build.0 = Debug|Any CPU
		{D4EE2737-EC3C-48CD-BE7B-E808AC223772}.Debug|iPhoneSimulator.Deploy.0 = Debug|Any CPU
		{D4EE2737-EC3C-48CD-BE7B-E808AC223772}.Debug|x64.ActiveCfg = Debug|Any CPU
		{D4EE2737-EC3C-48CD-BE7B-E808AC223772}.Debug|x64.Build.0 = Debug|Any CPU
		{D4EE2737-EC3C-48CD-BE7B-E808AC223772}.Debug|x64.Deploy.0 = Debug|Any CPU
		{D4EE2737-EC3C-48CD-BE7B-E808AC223772}.Debug|x86.ActiveCfg = Debug|x86
		{D4EE2737-EC3C-48CD-BE7B-E808AC223772}.Debug|x86.Build.0 = Debug|x86
		{D4EE2737-EC3C-48CD-BE7B-E808AC223772}.Debug|x86.Deploy.0 = Debug|x86
		{D4EE2737-EC3C-48CD-BE7B-E808AC223772}.Release|Any CPU.ActiveCfg = Release|Any CPU
		{D4EE2737-EC3C-48CD-BE7B-E808AC223772}.Release|Any CPU.Build.0 = Release|Any CPU
		{D4EE2737-EC3C-48CD-BE7B-E808AC223772}.Release|Any CPU.Deploy.0 = Release|Any CPU
		{D4EE2737-EC3C-48CD-BE7B-E808AC223772}.Release|ARM.ActiveCfg = Release|ARM
		{D4EE2737-EC3C-48CD-BE7B-E808AC223772}.Release|ARM.Build.0 = Release|ARM
		{D4EE2737-EC3C-48CD-BE7B-E808AC223772}.Release|ARM.Deploy.0 = Release|ARM
		{D4EE2737-EC3C-48CD-BE7B-E808AC223772}.Release|iPhone.ActiveCfg = Release|Any CPU
		{D4EE2737-EC3C-48CD-BE7B-E808AC223772}.Release|iPhone.Build.0 = Release|Any CPU
		{D4EE2737-EC3C-48CD-BE7B-E808AC223772}.Release|iPhone.Deploy.0 = Release|Any CPU
		{D4EE2737-EC3C-48CD-BE7B-E808AC223772}.Release|iPhoneSimulator.ActiveCfg = Release|Any CPU
		{D4EE2737-EC3C-48CD-BE7B-E808AC223772}.Release|iPhoneSimulator.Build.0 = Release|Any CPU
		{D4EE2737-EC3C-48CD-BE7B-E808AC223772}.Release|iPhoneSimulator.Deploy.0 = Release|Any CPU
		{D4EE2737-EC3C-48CD-BE7B-E808AC223772}.Release|x64.ActiveCfg = Release|Any CPU
		{D4EE2737-EC3C-48CD-BE7B-E808AC223772}.Release|x64.Build.0 = Release|Any CPU
		{D4EE2737-EC3C-48CD-BE7B-E808AC223772}.Release|x64.Deploy.0 = Release|Any CPU
		{D4EE2737-EC3C-48CD-BE7B-E808AC223772}.Release|x86.ActiveCfg = Release|x86
		{D4EE2737-EC3C-48CD-BE7B-E808AC223772}.Release|x86.Build.0 = Release|x86
		{D4EE2737-EC3C-48CD-BE7B-E808AC223772}.Release|x86.Deploy.0 = Release|x86
		{8888B68D-41E6-44F7-8171-4401D8B2747E}.Ad-Hoc|Any CPU.ActiveCfg = Release|x86
		{8888B68D-41E6-44F7-8171-4401D8B2747E}.Ad-Hoc|Any CPU.Build.0 = Release|x86
		{8888B68D-41E6-44F7-8171-4401D8B2747E}.Ad-Hoc|Any CPU.Deploy.0 = Release|x86
		{8888B68D-41E6-44F7-8171-4401D8B2747E}.Ad-Hoc|ARM.ActiveCfg = Release|ARM
		{8888B68D-41E6-44F7-8171-4401D8B2747E}.Ad-Hoc|ARM.Build.0 = Release|ARM
		{8888B68D-41E6-44F7-8171-4401D8B2747E}.Ad-Hoc|ARM.Deploy.0 = Release|ARM
		{8888B68D-41E6-44F7-8171-4401D8B2747E}.Ad-Hoc|iPhone.ActiveCfg = Release|x86
		{8888B68D-41E6-44F7-8171-4401D8B2747E}.Ad-Hoc|iPhone.Build.0 = Release|x86
		{8888B68D-41E6-44F7-8171-4401D8B2747E}.Ad-Hoc|iPhone.Deploy.0 = Release|x86
		{8888B68D-41E6-44F7-8171-4401D8B2747E}.Ad-Hoc|iPhoneSimulator.ActiveCfg = Release|x86
		{8888B68D-41E6-44F7-8171-4401D8B2747E}.Ad-Hoc|iPhoneSimulator.Build.0 = Release|x86
		{8888B68D-41E6-44F7-8171-4401D8B2747E}.Ad-Hoc|iPhoneSimulator.Deploy.0 = Release|x86
		{8888B68D-41E6-44F7-8171-4401D8B2747E}.Ad-Hoc|x64.ActiveCfg = Release|x64
		{8888B68D-41E6-44F7-8171-4401D8B2747E}.Ad-Hoc|x64.Build.0 = Release|x64
		{8888B68D-41E6-44F7-8171-4401D8B2747E}.Ad-Hoc|x64.Deploy.0 = Release|x64
		{8888B68D-41E6-44F7-8171-4401D8B2747E}.Ad-Hoc|x86.ActiveCfg = Release|x86
		{8888B68D-41E6-44F7-8171-4401D8B2747E}.Ad-Hoc|x86.Build.0 = Release|x86
		{8888B68D-41E6-44F7-8171-4401D8B2747E}.Ad-Hoc|x86.Deploy.0 = Release|x86
		{8888B68D-41E6-44F7-8171-4401D8B2747E}.AppStore|Any CPU.ActiveCfg = Release|x86
		{8888B68D-41E6-44F7-8171-4401D8B2747E}.AppStore|Any CPU.Build.0 = Release|x86
		{8888B68D-41E6-44F7-8171-4401D8B2747E}.AppStore|Any CPU.Deploy.0 = Release|x86
		{8888B68D-41E6-44F7-8171-4401D8B2747E}.AppStore|ARM.ActiveCfg = Release|ARM
		{8888B68D-41E6-44F7-8171-4401D8B2747E}.AppStore|ARM.Build.0 = Release|ARM
		{8888B68D-41E6-44F7-8171-4401D8B2747E}.AppStore|ARM.Deploy.0 = Release|ARM
		{8888B68D-41E6-44F7-8171-4401D8B2747E}.AppStore|iPhone.ActiveCfg = Release|x86
		{8888B68D-41E6-44F7-8171-4401D8B2747E}.AppStore|iPhone.Build.0 = Release|x86
		{8888B68D-41E6-44F7-8171-4401D8B2747E}.AppStore|iPhone.Deploy.0 = Release|x86
		{8888B68D-41E6-44F7-8171-4401D8B2747E}.AppStore|iPhoneSimulator.ActiveCfg = Release|x86
		{8888B68D-41E6-44F7-8171-4401D8B2747E}.AppStore|iPhoneSimulator.Build.0 = Release|x86
		{8888B68D-41E6-44F7-8171-4401D8B2747E}.AppStore|iPhoneSimulator.Deploy.0 = Release|x86
		{8888B68D-41E6-44F7-8171-4401D8B2747E}.AppStore|x64.ActiveCfg = Release|x64
		{8888B68D-41E6-44F7-8171-4401D8B2747E}.AppStore|x64.Build.0 = Release|x64
		{8888B68D-41E6-44F7-8171-4401D8B2747E}.AppStore|x64.Deploy.0 = Release|x64
		{8888B68D-41E6-44F7-8171-4401D8B2747E}.AppStore|x86.ActiveCfg = Release|x86
		{8888B68D-41E6-44F7-8171-4401D8B2747E}.AppStore|x86.Build.0 = Release|x86
		{8888B68D-41E6-44F7-8171-4401D8B2747E}.AppStore|x86.Deploy.0 = Release|x86
		{8888B68D-41E6-44F7-8171-4401D8B2747E}.Debug|Any CPU.ActiveCfg = Debug|x86
		{8888B68D-41E6-44F7-8171-4401D8B2747E}.Debug|Any CPU.Build.0 = Debug|x86
		{8888B68D-41E6-44F7-8171-4401D8B2747E}.Debug|Any CPU.Deploy.0 = Debug|x86
		{8888B68D-41E6-44F7-8171-4401D8B2747E}.Debug|ARM.ActiveCfg = Debug|ARM
		{8888B68D-41E6-44F7-8171-4401D8B2747E}.Debug|ARM.Build.0 = Debug|ARM
		{8888B68D-41E6-44F7-8171-4401D8B2747E}.Debug|ARM.Deploy.0 = Debug|ARM
		{8888B68D-41E6-44F7-8171-4401D8B2747E}.Debug|iPhone.ActiveCfg = Debug|x86
		{8888B68D-41E6-44F7-8171-4401D8B2747E}.Debug|iPhoneSimulator.ActiveCfg = Debug|x86
		{8888B68D-41E6-44F7-8171-4401D8B2747E}.Debug|x64.ActiveCfg = Debug|x64
		{8888B68D-41E6-44F7-8171-4401D8B2747E}.Debug|x64.Build.0 = Debug|x64
		{8888B68D-41E6-44F7-8171-4401D8B2747E}.Debug|x64.Deploy.0 = Debug|x64
		{8888B68D-41E6-44F7-8171-4401D8B2747E}.Debug|x86.ActiveCfg = Debug|x86
		{8888B68D-41E6-44F7-8171-4401D8B2747E}.Debug|x86.Build.0 = Debug|x86
		{8888B68D-41E6-44F7-8171-4401D8B2747E}.Debug|x86.Deploy.0 = Debug|x86
		{8888B68D-41E6-44F7-8171-4401D8B2747E}.Release|Any CPU.ActiveCfg = Release|x86
		{8888B68D-41E6-44F7-8171-4401D8B2747E}.Release|ARM.ActiveCfg = Release|ARM
		{8888B68D-41E6-44F7-8171-4401D8B2747E}.Release|ARM.Build.0 = Release|ARM
		{8888B68D-41E6-44F7-8171-4401D8B2747E}.Release|ARM.Deploy.0 = Release|ARM
		{8888B68D-41E6-44F7-8171-4401D8B2747E}.Release|iPhone.ActiveCfg = Release|x86
		{8888B68D-41E6-44F7-8171-4401D8B2747E}.Release|iPhoneSimulator.ActiveCfg = Release|x86
		{8888B68D-41E6-44F7-8171-4401D8B2747E}.Release|x64.ActiveCfg = Release|x64
		{8888B68D-41E6-44F7-8171-4401D8B2747E}.Release|x64.Build.0 = Release|x64
		{8888B68D-41E6-44F7-8171-4401D8B2747E}.Release|x64.Deploy.0 = Release|x64
		{8888B68D-41E6-44F7-8171-4401D8B2747E}.Release|x86.ActiveCfg = Release|x86
		{8888B68D-41E6-44F7-8171-4401D8B2747E}.Release|x86.Build.0 = Release|x86
		{8888B68D-41E6-44F7-8171-4401D8B2747E}.Release|x86.Deploy.0 = Release|x86
		{BEDD12D9-5A17-442F-9527-7F8F5A228243}.Ad-Hoc|Any CPU.ActiveCfg = Release|Any CPU
		{BEDD12D9-5A17-442F-9527-7F8F5A228243}.Ad-Hoc|Any CPU.Build.0 = Release|Any CPU
		{BEDD12D9-5A17-442F-9527-7F8F5A228243}.Ad-Hoc|Any CPU.Deploy.0 = Release|Any CPU
		{BEDD12D9-5A17-442F-9527-7F8F5A228243}.Ad-Hoc|ARM.ActiveCfg = Release|ARM
		{BEDD12D9-5A17-442F-9527-7F8F5A228243}.Ad-Hoc|ARM.Build.0 = Release|ARM
		{BEDD12D9-5A17-442F-9527-7F8F5A228243}.Ad-Hoc|ARM.Deploy.0 = Release|ARM
		{BEDD12D9-5A17-442F-9527-7F8F5A228243}.Ad-Hoc|iPhone.ActiveCfg = Release|Any CPU
		{BEDD12D9-5A17-442F-9527-7F8F5A228243}.Ad-Hoc|iPhone.Build.0 = Release|Any CPU
		{BEDD12D9-5A17-442F-9527-7F8F5A228243}.Ad-Hoc|iPhone.Deploy.0 = Release|Any CPU
		{BEDD12D9-5A17-442F-9527-7F8F5A228243}.Ad-Hoc|iPhoneSimulator.ActiveCfg = Release|Any CPU
		{BEDD12D9-5A17-442F-9527-7F8F5A228243}.Ad-Hoc|iPhoneSimulator.Build.0 = Release|Any CPU
		{BEDD12D9-5A17-442F-9527-7F8F5A228243}.Ad-Hoc|iPhoneSimulator.Deploy.0 = Release|Any CPU
		{BEDD12D9-5A17-442F-9527-7F8F5A228243}.Ad-Hoc|x64.ActiveCfg = Release|x64
		{BEDD12D9-5A17-442F-9527-7F8F5A228243}.Ad-Hoc|x64.Build.0 = Release|x64
		{BEDD12D9-5A17-442F-9527-7F8F5A228243}.Ad-Hoc|x64.Deploy.0 = Release|x64
		{BEDD12D9-5A17-442F-9527-7F8F5A228243}.Ad-Hoc|x86.ActiveCfg = Release|x86
		{BEDD12D9-5A17-442F-9527-7F8F5A228243}.Ad-Hoc|x86.Build.0 = Release|x86
		{BEDD12D9-5A17-442F-9527-7F8F5A228243}.Ad-Hoc|x86.Deploy.0 = Release|x86
		{BEDD12D9-5A17-442F-9527-7F8F5A228243}.AppStore|Any CPU.ActiveCfg = Release|Any CPU
		{BEDD12D9-5A17-442F-9527-7F8F5A228243}.AppStore|Any CPU.Build.0 = Release|Any CPU
		{BEDD12D9-5A17-442F-9527-7F8F5A228243}.AppStore|Any CPU.Deploy.0 = Release|Any CPU
		{BEDD12D9-5A17-442F-9527-7F8F5A228243}.AppStore|ARM.ActiveCfg = Release|ARM
		{BEDD12D9-5A17-442F-9527-7F8F5A228243}.AppStore|ARM.Build.0 = Release|ARM
		{BEDD12D9-5A17-442F-9527-7F8F5A228243}.AppStore|ARM.Deploy.0 = Release|ARM
		{BEDD12D9-5A17-442F-9527-7F8F5A228243}.AppStore|iPhone.ActiveCfg = Release|Any CPU
		{BEDD12D9-5A17-442F-9527-7F8F5A228243}.AppStore|iPhone.Build.0 = Release|Any CPU
		{BEDD12D9-5A17-442F-9527-7F8F5A228243}.AppStore|iPhone.Deploy.0 = Release|Any CPU
		{BEDD12D9-5A17-442F-9527-7F8F5A228243}.AppStore|iPhoneSimulator.ActiveCfg = Release|Any CPU
		{BEDD12D9-5A17-442F-9527-7F8F5A228243}.AppStore|iPhoneSimulator.Build.0 = Release|Any CPU
		{BEDD12D9-5A17-442F-9527-7F8F5A228243}.AppStore|iPhoneSimulator.Deploy.0 = Release|Any CPU
		{BEDD12D9-5A17-442F-9527-7F8F5A228243}.AppStore|x64.ActiveCfg = Release|x64
		{BEDD12D9-5A17-442F-9527-7F8F5A228243}.AppStore|x64.Build.0 = Release|x64
		{BEDD12D9-5A17-442F-9527-7F8F5A228243}.AppStore|x64.Deploy.0 = Release|x64
		{BEDD12D9-5A17-442F-9527-7F8F5A228243}.AppStore|x86.ActiveCfg = Release|x86
		{BEDD12D9-5A17-442F-9527-7F8F5A228243}.AppStore|x86.Build.0 = Release|x86
		{BEDD12D9-5A17-442F-9527-7F8F5A228243}.AppStore|x86.Deploy.0 = Release|x86
		{BEDD12D9-5A17-442F-9527-7F8F5A228243}.Debug|Any CPU.ActiveCfg = Debug|Any CPU
		{BEDD12D9-5A17-442F-9527-7F8F5A228243}.Debug|Any CPU.Build.0 = Debug|Any CPU
		{BEDD12D9-5A17-442F-9527-7F8F5A228243}.Debug|Any CPU.Deploy.0 = Debug|Any CPU
		{BEDD12D9-5A17-442F-9527-7F8F5A228243}.Debug|ARM.ActiveCfg = Debug|ARM
		{BEDD12D9-5A17-442F-9527-7F8F5A228243}.Debug|ARM.Build.0 = Debug|ARM
		{BEDD12D9-5A17-442F-9527-7F8F5A228243}.Debug|ARM.Deploy.0 = Debug|ARM
		{BEDD12D9-5A17-442F-9527-7F8F5A228243}.Debug|iPhone.ActiveCfg = Debug|Any CPU
		{BEDD12D9-5A17-442F-9527-7F8F5A228243}.Debug|iPhone.Build.0 = Debug|Any CPU
		{BEDD12D9-5A17-442F-9527-7F8F5A228243}.Debug|iPhone.Deploy.0 = Debug|Any CPU
		{BEDD12D9-5A17-442F-9527-7F8F5A228243}.Debug|iPhoneSimulator.ActiveCfg = Debug|Any CPU
		{BEDD12D9-5A17-442F-9527-7F8F5A228243}.Debug|iPhoneSimulator.Build.0 = Debug|Any CPU
		{BEDD12D9-5A17-442F-9527-7F8F5A228243}.Debug|iPhoneSimulator.Deploy.0 = Debug|Any CPU
		{BEDD12D9-5A17-442F-9527-7F8F5A228243}.Debug|x64.ActiveCfg = Debug|x64
		{BEDD12D9-5A17-442F-9527-7F8F5A228243}.Debug|x64.Build.0 = Debug|x64
		{BEDD12D9-5A17-442F-9527-7F8F5A228243}.Debug|x64.Deploy.0 = Debug|x64
		{BEDD12D9-5A17-442F-9527-7F8F5A228243}.Debug|x86.ActiveCfg = Debug|x86
		{BEDD12D9-5A17-442F-9527-7F8F5A228243}.Debug|x86.Build.0 = Debug|x86
		{BEDD12D9-5A17-442F-9527-7F8F5A228243}.Debug|x86.Deploy.0 = Debug|x86
		{BEDD12D9-5A17-442F-9527-7F8F5A228243}.Release|Any CPU.ActiveCfg = Release|Any CPU
		{BEDD12D9-5A17-442F-9527-7F8F5A228243}.Release|Any CPU.Build.0 = Release|Any CPU
		{BEDD12D9-5A17-442F-9527-7F8F5A228243}.Release|Any CPU.Deploy.0 = Release|Any CPU
		{BEDD12D9-5A17-442F-9527-7F8F5A228243}.Release|ARM.ActiveCfg = Release|ARM
		{BEDD12D9-5A17-442F-9527-7F8F5A228243}.Release|ARM.Build.0 = Release|ARM
		{BEDD12D9-5A17-442F-9527-7F8F5A228243}.Release|ARM.Deploy.0 = Release|ARM
		{BEDD12D9-5A17-442F-9527-7F8F5A228243}.Release|iPhone.ActiveCfg = Release|Any CPU
		{BEDD12D9-5A17-442F-9527-7F8F5A228243}.Release|iPhone.Build.0 = Release|Any CPU
		{BEDD12D9-5A17-442F-9527-7F8F5A228243}.Release|iPhone.Deploy.0 = Release|Any CPU
		{BEDD12D9-5A17-442F-9527-7F8F5A228243}.Release|iPhoneSimulator.ActiveCfg = Release|Any CPU
		{BEDD12D9-5A17-442F-9527-7F8F5A228243}.Release|iPhoneSimulator.Build.0 = Release|Any CPU
		{BEDD12D9-5A17-442F-9527-7F8F5A228243}.Release|iPhoneSimulator.Deploy.0 = Release|Any CPU
		{BEDD12D9-5A17-442F-9527-7F8F5A228243}.Release|x64.ActiveCfg = Release|x64
		{BEDD12D9-5A17-442F-9527-7F8F5A228243}.Release|x64.Build.0 = Release|x64
		{BEDD12D9-5A17-442F-9527-7F8F5A228243}.Release|x64.Deploy.0 = Release|x64
		{BEDD12D9-5A17-442F-9527-7F8F5A228243}.Release|x86.ActiveCfg = Release|x86
		{BEDD12D9-5A17-442F-9527-7F8F5A228243}.Release|x86.Build.0 = Release|x86
		{BEDD12D9-5A17-442F-9527-7F8F5A228243}.Release|x86.Deploy.0 = Release|x86
		{0B2D4DF0-9E8B-458E-8567-FA08ED275B05}.Ad-Hoc|Any CPU.ActiveCfg = Release|Any CPU
		{0B2D4DF0-9E8B-458E-8567-FA08ED275B05}.Ad-Hoc|Any CPU.Build.0 = Release|Any CPU
		{0B2D4DF0-9E8B-458E-8567-FA08ED275B05}.Ad-Hoc|ARM.ActiveCfg = Release|Any CPU
		{0B2D4DF0-9E8B-458E-8567-FA08ED275B05}.Ad-Hoc|ARM.Build.0 = Release|Any CPU
		{0B2D4DF0-9E8B-458E-8567-FA08ED275B05}.Ad-Hoc|iPhone.ActiveCfg = Release|Any CPU
		{0B2D4DF0-9E8B-458E-8567-FA08ED275B05}.Ad-Hoc|iPhone.Build.0 = Release|Any CPU
		{0B2D4DF0-9E8B-458E-8567-FA08ED275B05}.Ad-Hoc|iPhoneSimulator.ActiveCfg = Release|Any CPU
		{0B2D4DF0-9E8B-458E-8567-FA08ED275B05}.Ad-Hoc|iPhoneSimulator.Build.0 = Release|Any CPU
		{0B2D4DF0-9E8B-458E-8567-FA08ED275B05}.Ad-Hoc|x64.ActiveCfg = Release|Any CPU
		{0B2D4DF0-9E8B-458E-8567-FA08ED275B05}.Ad-Hoc|x64.Build.0 = Release|Any CPU
		{0B2D4DF0-9E8B-458E-8567-FA08ED275B05}.Ad-Hoc|x86.ActiveCfg = Release|Any CPU
		{0B2D4DF0-9E8B-458E-8567-FA08ED275B05}.Ad-Hoc|x86.Build.0 = Release|Any CPU
		{0B2D4DF0-9E8B-458E-8567-FA08ED275B05}.AppStore|Any CPU.ActiveCfg = Release|Any CPU
		{0B2D4DF0-9E8B-458E-8567-FA08ED275B05}.AppStore|Any CPU.Build.0 = Release|Any CPU
		{0B2D4DF0-9E8B-458E-8567-FA08ED275B05}.AppStore|ARM.ActiveCfg = Release|Any CPU
		{0B2D4DF0-9E8B-458E-8567-FA08ED275B05}.AppStore|ARM.Build.0 = Release|Any CPU
		{0B2D4DF0-9E8B-458E-8567-FA08ED275B05}.AppStore|iPhone.ActiveCfg = Release|Any CPU
		{0B2D4DF0-9E8B-458E-8567-FA08ED275B05}.AppStore|iPhone.Build.0 = Release|Any CPU
		{0B2D4DF0-9E8B-458E-8567-FA08ED275B05}.AppStore|iPhoneSimulator.ActiveCfg = Release|Any CPU
		{0B2D4DF0-9E8B-458E-8567-FA08ED275B05}.AppStore|iPhoneSimulator.Build.0 = Release|Any CPU
		{0B2D4DF0-9E8B-458E-8567-FA08ED275B05}.AppStore|x64.ActiveCfg = Release|Any CPU
		{0B2D4DF0-9E8B-458E-8567-FA08ED275B05}.AppStore|x64.Build.0 = Release|Any CPU
		{0B2D4DF0-9E8B-458E-8567-FA08ED275B05}.AppStore|x86.ActiveCfg = Release|Any CPU
		{0B2D4DF0-9E8B-458E-8567-FA08ED275B05}.AppStore|x86.Build.0 = Release|Any CPU
		{0B2D4DF0-9E8B-458E-8567-FA08ED275B05}.Debug|Any CPU.ActiveCfg = Debug|Any CPU
		{0B2D4DF0-9E8B-458E-8567-FA08ED275B05}.Debug|Any CPU.Build.0 = Debug|Any CPU
		{0B2D4DF0-9E8B-458E-8567-FA08ED275B05}.Debug|ARM.ActiveCfg = Debug|Any CPU
		{0B2D4DF0-9E8B-458E-8567-FA08ED275B05}.Debug|ARM.Build.0 = Debug|Any CPU
		{0B2D4DF0-9E8B-458E-8567-FA08ED275B05}.Debug|iPhone.ActiveCfg = Debug|Any CPU
		{0B2D4DF0-9E8B-458E-8567-FA08ED275B05}.Debug|iPhone.Build.0 = Debug|Any CPU
		{0B2D4DF0-9E8B-458E-8567-FA08ED275B05}.Debug|iPhoneSimulator.ActiveCfg = Debug|Any CPU
		{0B2D4DF0-9E8B-458E-8567-FA08ED275B05}.Debug|iPhoneSimulator.Build.0 = Debug|Any CPU
		{0B2D4DF0-9E8B-458E-8567-FA08ED275B05}.Debug|x64.ActiveCfg = Debug|Any CPU
		{0B2D4DF0-9E8B-458E-8567-FA08ED275B05}.Debug|x64.Build.0 = Debug|Any CPU
		{0B2D4DF0-9E8B-458E-8567-FA08ED275B05}.Debug|x86.ActiveCfg = Debug|Any CPU
		{0B2D4DF0-9E8B-458E-8567-FA08ED275B05}.Debug|x86.Build.0 = Debug|Any CPU
		{0B2D4DF0-9E8B-458E-8567-FA08ED275B05}.Release|Any CPU.ActiveCfg = Release|Any CPU
		{0B2D4DF0-9E8B-458E-8567-FA08ED275B05}.Release|Any CPU.Build.0 = Release|Any CPU
		{0B2D4DF0-9E8B-458E-8567-FA08ED275B05}.Release|ARM.ActiveCfg = Release|Any CPU
		{0B2D4DF0-9E8B-458E-8567-FA08ED275B05}.Release|ARM.Build.0 = Release|Any CPU
		{0B2D4DF0-9E8B-458E-8567-FA08ED275B05}.Release|iPhone.ActiveCfg = Release|Any CPU
		{0B2D4DF0-9E8B-458E-8567-FA08ED275B05}.Release|iPhone.Build.0 = Release|Any CPU
		{0B2D4DF0-9E8B-458E-8567-FA08ED275B05}.Release|iPhoneSimulator.ActiveCfg = Release|Any CPU
		{0B2D4DF0-9E8B-458E-8567-FA08ED275B05}.Release|iPhoneSimulator.Build.0 = Release|Any CPU
		{0B2D4DF0-9E8B-458E-8567-FA08ED275B05}.Release|x64.ActiveCfg = Release|Any CPU
		{0B2D4DF0-9E8B-458E-8567-FA08ED275B05}.Release|x64.Build.0 = Release|Any CPU
		{0B2D4DF0-9E8B-458E-8567-FA08ED275B05}.Release|x86.ActiveCfg = Release|Any CPU
		{0B2D4DF0-9E8B-458E-8567-FA08ED275B05}.Release|x86.Build.0 = Release|Any CPU
	EndGlobalSection
	GlobalSection(SolutionProperties) = preSolution
		HideSolutionNode = FALSE
	EndGlobalSection
	GlobalSection(NestedProjects) = preSolution
		{06380C11-A014-42EB-B123-4E5DA717AEA9} = {D1211404-B6B9-4A8D-BE00-9E3B3D1F82CF}
		{21DD5144-51B4-401E-8A59-CDB0990A9D6B} = {06380C11-A014-42EB-B123-4E5DA717AEA9}
		{CD58570B-E216-4893-8EC6-19F7E2F9F57F} = {06380C11-A014-42EB-B123-4E5DA717AEA9}
		{91B34469-ACDA-47EB-93BB-3302C413ECFB} = {06380C11-A014-42EB-B123-4E5DA717AEA9}
		{D4EE2737-EC3C-48CD-BE7B-E808AC223772} = {06380C11-A014-42EB-B123-4E5DA717AEA9}
		{8888B68D-41E6-44F7-8171-4401D8B2747E} = {06380C11-A014-42EB-B123-4E5DA717AEA9}
		{BEDD12D9-5A17-442F-9527-7F8F5A228243} = {06380C11-A014-42EB-B123-4E5DA717AEA9}
		{0B2D4DF0-9E8B-458E-8567-FA08ED275B05} = {D1211404-B6B9-4A8D-BE00-9E3B3D1F82CF}
	EndGlobalSection
EndGlobal
