
Microsoft Visual Studio Solution File, Format Version 12.00
# Visual Studio 14
VisualStudioVersion = 14.0.25420.1
MinimumVisualStudioVersion = 10.0.40219.1
Project("{FAE04EC0-301F-11D3-BF4B-00C04F79EFBC}") = "FleeAndCatch_App", "FleeAndCatch-App\FleeAndCatch_App\FleeAndCatch_App.csproj", "{02968613-B40D-4BF1-9610-0D4DBD10E400}"
EndProject
Project("{FAE04EC0-301F-11D3-BF4B-00C04F79EFBC}") = "FleeAndCatch_App.Droid", "FleeAndCatch-App\FleeAndCatch_App.Droid\FleeAndCatch_App.Droid.csproj", "{B031E1AB-763C-4805-82BF-0DB304AD0D3D}"
EndProject
Project("{FAE04EC0-301F-11D3-BF4B-00C04F79EFBC}") = "FleeAndCatch_App.iOS", "FleeAndCatch-App\FleeAndCatch_App.iOS\FleeAndCatch_App.iOS.csproj", "{A42A5502-86BC-45C6-AD3D-54942980AF48}"
EndProject
Project("{FAE04EC0-301F-11D3-BF4B-00C04F79EFBC}") = "FleeAndCatch_App.WinPhone", "FleeAndCatch-App\FleeAndCatch_App.WinPhone\FleeAndCatch_App.WinPhone.csproj", "{7DD55F88-479E-4BF3-8922-311F3FA77FF7}"
EndProject
Project("{FAE04EC0-301F-11D3-BF4B-00C04F79EFBC}") = "FleeAndCatch_App.UWP", "FleeAndCatch-App\FleeAndCatch_App.UWP\FleeAndCatch_App.UWP.csproj", "{BF44464C-6AF1-4E31-894B-FC182DAA1954}"
EndProject
Project("{FAE04EC0-301F-11D3-BF4B-00C04F79EFBC}") = "FleeAndCatch_App.Windows", "FleeAndCatch-App\FleeAndCatch_App.Windows\FleeAndCatch_App.Windows.csproj", "{EEED0F39-82C2-44B4-A5EC-EB3E61E6CCD0}"
EndProject
Project("{2150E333-8FDC-42A3-9474-1A3956D46DE8}") = "FleeAndCatch", "FleeAndCatch", "{D1211404-B6B9-4A8D-BE00-9E3B3D1F82CF}"
EndProject
Project("{FAE04EC0-301F-11D3-BF4B-00C04F79EFBC}") = "FleeAndCatch", "FleeAndCatch\FleeAndCatch.csproj", "{8F406DEA-06C3-4686-831D-6995B8E6F9B1}"
EndProject
Project("{2150E333-8FDC-42A3-9474-1A3956D46DE8}") = "App", "App", "{06380C11-A014-42EB-B123-4E5DA717AEA9}"
EndProject
Global
	GlobalSection(SolutionConfigurationPlatforms) = preSolution
		Ad-Hoc|Any CPU = Ad-Hoc|Any CPU
		Ad-Hoc|ARM = Ad-Hoc|ARM
		Ad-Hoc|iPhone = Ad-Hoc|iPhone
		Ad-Hoc|iPhoneSimulator = Ad-Hoc|iPhoneSimulator
		Ad-Hoc|x64 = Ad-Hoc|x64
		Ad-Hoc|x86 = Ad-Hoc|x86
		AppStore|Any CPU = AppStore|Any CPU
		AppStore|ARM = AppStore|ARM
		AppStore|iPhone = AppStore|iPhone
		AppStore|iPhoneSimulator = AppStore|iPhoneSimulator
		AppStore|x64 = AppStore|x64
		AppStore|x86 = AppStore|x86
		Debug|Any CPU = Debug|Any CPU
		Debug|ARM = Debug|ARM
		Debug|iPhone = Debug|iPhone
		Debug|iPhoneSimulator = Debug|iPhoneSimulator
		Debug|x64 = Debug|x64
		Debug|x86 = Debug|x86
		Release|Any CPU = Release|Any CPU
		Release|ARM = Release|ARM
		Release|iPhone = Release|iPhone
		Release|iPhoneSimulator = Release|iPhoneSimulator
		Release|x64 = Release|x64
		Release|x86 = Release|x86
	EndGlobalSection
	GlobalSection(ProjectConfigurationPlatforms) = postSolution
		{02968613-B40D-4BF1-9610-0D4DBD10E400}.Ad-Hoc|Any CPU.ActiveCfg = Release|Any CPU
		{02968613-B40D-4BF1-9610-0D4DBD10E400}.Ad-Hoc|Any CPU.Build.0 = Release|Any CPU
		{02968613-B40D-4BF1-9610-0D4DBD10E400}.Ad-Hoc|ARM.ActiveCfg = Release|Any CPU
		{02968613-B40D-4BF1-9610-0D4DBD10E400}.Ad-Hoc|ARM.Build.0 = Release|Any CPU
		{02968613-B40D-4BF1-9610-0D4DBD10E400}.Ad-Hoc|iPhone.ActiveCfg = Release|Any CPU
		{02968613-B40D-4BF1-9610-0D4DBD10E400}.Ad-Hoc|iPhone.Build.0 = Release|Any CPU
		{02968613-B40D-4BF1-9610-0D4DBD10E400}.Ad-Hoc|iPhoneSimulator.ActiveCfg = Release|Any CPU
		{02968613-B40D-4BF1-9610-0D4DBD10E400}.Ad-Hoc|iPhoneSimulator.Build.0 = Release|Any CPU
		{02968613-B40D-4BF1-9610-0D4DBD10E400}.Ad-Hoc|x64.ActiveCfg = Release|Any CPU
		{02968613-B40D-4BF1-9610-0D4DBD10E400}.Ad-Hoc|x64.Build.0 = Release|Any CPU
		{02968613-B40D-4BF1-9610-0D4DBD10E400}.Ad-Hoc|x86.ActiveCfg = Release|Any CPU
		{02968613-B40D-4BF1-9610-0D4DBD10E400}.Ad-Hoc|x86.Build.0 = Release|Any CPU
		{02968613-B40D-4BF1-9610-0D4DBD10E400}.AppStore|Any CPU.ActiveCfg = Release|Any CPU
		{02968613-B40D-4BF1-9610-0D4DBD10E400}.AppStore|Any CPU.Build.0 = Release|Any CPU
		{02968613-B40D-4BF1-9610-0D4DBD10E400}.AppStore|ARM.ActiveCfg = Release|Any CPU
		{02968613-B40D-4BF1-9610-0D4DBD10E400}.AppStore|ARM.Build.0 = Release|Any CPU
		{02968613-B40D-4BF1-9610-0D4DBD10E400}.AppStore|iPhone.ActiveCfg = Release|Any CPU
		{02968613-B40D-4BF1-9610-0D4DBD10E400}.AppStore|iPhone.Build.0 = Release|Any CPU
		{02968613-B40D-4BF1-9610-0D4DBD10E400}.AppStore|iPhoneSimulator.ActiveCfg = Release|Any CPU
		{02968613-B40D-4BF1-9610-0D4DBD10E400}.AppStore|iPhoneSimulator.Build.0 = Release|Any CPU
		{02968613-B40D-4BF1-9610-0D4DBD10E400}.AppStore|x64.ActiveCfg = Release|Any CPU
		{02968613-B40D-4BF1-9610-0D4DBD10E400}.AppStore|x64.Build.0 = Release|Any CPU
		{02968613-B40D-4BF1-9610-0D4DBD10E400}.AppStore|x86.ActiveCfg = Release|Any CPU
		{02968613-B40D-4BF1-9610-0D4DBD10E400}.AppStore|x86.Build.0 = Release|Any CPU
		{02968613-B40D-4BF1-9610-0D4DBD10E400}.Debug|Any CPU.ActiveCfg = Debug|Any CPU
		{02968613-B40D-4BF1-9610-0D4DBD10E400}.Debug|Any CPU.Build.0 = Debug|Any CPU
		{02968613-B40D-4BF1-9610-0D4DBD10E400}.Debug|ARM.ActiveCfg = Debug|Any CPU
		{02968613-B40D-4BF1-9610-0D4DBD10E400}.Debug|ARM.Build.0 = Debug|Any CPU
		{02968613-B40D-4BF1-9610-0D4DBD10E400}.Debug|iPhone.ActiveCfg = Debug|Any CPU
		{02968613-B40D-4BF1-9610-0D4DBD10E400}.Debug|iPhone.Build.0 = Debug|Any CPU
		{02968613-B40D-4BF1-9610-0D4DBD10E400}.Debug|iPhoneSimulator.ActiveCfg = Debug|Any CPU
		{02968613-B40D-4BF1-9610-0D4DBD10E400}.Debug|iPhoneSimulator.Build.0 = Debug|Any CPU
		{02968613-B40D-4BF1-9610-0D4DBD10E400}.Debug|x64.ActiveCfg = Debug|Any CPU
		{02968613-B40D-4BF1-9610-0D4DBD10E400}.Debug|x64.Build.0 = Debug|Any CPU
		{02968613-B40D-4BF1-9610-0D4DBD10E400}.Debug|x86.ActiveCfg = Debug|Any CPU
		{02968613-B40D-4BF1-9610-0D4DBD10E400}.Debug|x86.Build.0 = Debug|Any CPU
		{02968613-B40D-4BF1-9610-0D4DBD10E400}.Release|Any CPU.ActiveCfg = Release|Any CPU
		{02968613-B40D-4BF1-9610-0D4DBD10E400}.Release|Any CPU.Build.0 = Release|Any CPU
		{02968613-B40D-4BF1-9610-0D4DBD10E400}.Release|ARM.ActiveCfg = Release|Any CPU
		{02968613-B40D-4BF1-9610-0D4DBD10E400}.Release|ARM.Build.0 = Release|Any CPU
		{02968613-B40D-4BF1-9610-0D4DBD10E400}.Release|iPhone.ActiveCfg = Release|Any CPU
		{02968613-B40D-4BF1-9610-0D4DBD10E400}.Release|iPhone.Build.0 = Release|Any CPU
		{02968613-B40D-4BF1-9610-0D4DBD10E400}.Release|iPhoneSimulator.ActiveCfg = Release|Any CPU
		{02968613-B40D-4BF1-9610-0D4DBD10E400}.Release|iPhoneSimulator.Build.0 = Release|Any CPU
		{02968613-B40D-4BF1-9610-0D4DBD10E400}.Release|x64.ActiveCfg = Release|Any CPU
		{02968613-B40D-4BF1-9610-0D4DBD10E400}.Release|x64.Build.0 = Release|Any CPU
		{02968613-B40D-4BF1-9610-0D4DBD10E400}.Release|x86.ActiveCfg = Release|Any CPU
		{02968613-B40D-4BF1-9610-0D4DBD10E400}.Release|x86.Build.0 = Release|Any CPU
		{B031E1AB-763C-4805-82BF-0DB304AD0D3D}.Ad-Hoc|Any CPU.ActiveCfg = Release|Any CPU
		{B031E1AB-763C-4805-82BF-0DB304AD0D3D}.Ad-Hoc|Any CPU.Build.0 = Release|Any CPU
		{B031E1AB-763C-4805-82BF-0DB304AD0D3D}.Ad-Hoc|Any CPU.Deploy.0 = Release|Any CPU
		{B031E1AB-763C-4805-82BF-0DB304AD0D3D}.Ad-Hoc|ARM.ActiveCfg = Release|Any CPU
		{B031E1AB-763C-4805-82BF-0DB304AD0D3D}.Ad-Hoc|ARM.Build.0 = Release|Any CPU
		{B031E1AB-763C-4805-82BF-0DB304AD0D3D}.Ad-Hoc|ARM.Deploy.0 = Release|Any CPU
		{B031E1AB-763C-4805-82BF-0DB304AD0D3D}.Ad-Hoc|iPhone.ActiveCfg = Release|Any CPU
		{B031E1AB-763C-4805-82BF-0DB304AD0D3D}.Ad-Hoc|iPhone.Build.0 = Release|Any CPU
		{B031E1AB-763C-4805-82BF-0DB304AD0D3D}.Ad-Hoc|iPhone.Deploy.0 = Release|Any CPU
		{B031E1AB-763C-4805-82BF-0DB304AD0D3D}.Ad-Hoc|iPhoneSimulator.ActiveCfg = Release|Any CPU
		{B031E1AB-763C-4805-82BF-0DB304AD0D3D}.Ad-Hoc|iPhoneSimulator.Build.0 = Release|Any CPU
		{B031E1AB-763C-4805-82BF-0DB304AD0D3D}.Ad-Hoc|iPhoneSimulator.Deploy.0 = Release|Any CPU
		{B031E1AB-763C-4805-82BF-0DB304AD0D3D}.Ad-Hoc|x64.ActiveCfg = Release|Any CPU
		{B031E1AB-763C-4805-82BF-0DB304AD0D3D}.Ad-Hoc|x64.Build.0 = Release|Any CPU
		{B031E1AB-763C-4805-82BF-0DB304AD0D3D}.Ad-Hoc|x64.Deploy.0 = Release|Any CPU
		{B031E1AB-763C-4805-82BF-0DB304AD0D3D}.Ad-Hoc|x86.ActiveCfg = Release|Any CPU
		{B031E1AB-763C-4805-82BF-0DB304AD0D3D}.Ad-Hoc|x86.Build.0 = Release|Any CPU
		{B031E1AB-763C-4805-82BF-0DB304AD0D3D}.Ad-Hoc|x86.Deploy.0 = Release|Any CPU
		{B031E1AB-763C-4805-82BF-0DB304AD0D3D}.AppStore|Any CPU.ActiveCfg = Release|Any CPU
		{B031E1AB-763C-4805-82BF-0DB304AD0D3D}.AppStore|Any CPU.Build.0 = Release|Any CPU
		{B031E1AB-763C-4805-82BF-0DB304AD0D3D}.AppStore|Any CPU.Deploy.0 = Release|Any CPU
		{B031E1AB-763C-4805-82BF-0DB304AD0D3D}.AppStore|ARM.ActiveCfg = Release|Any CPU
		{B031E1AB-763C-4805-82BF-0DB304AD0D3D}.AppStore|ARM.Build.0 = Release|Any CPU
		{B031E1AB-763C-4805-82BF-0DB304AD0D3D}.AppStore|ARM.Deploy.0 = Release|Any CPU
		{B031E1AB-763C-4805-82BF-0DB304AD0D3D}.AppStore|iPhone.ActiveCfg = Release|Any CPU
		{B031E1AB-763C-4805-82BF-0DB304AD0D3D}.AppStore|iPhone.Build.0 = Release|Any CPU
		{B031E1AB-763C-4805-82BF-0DB304AD0D3D}.AppStore|iPhone.Deploy.0 = Release|Any CPU
		{B031E1AB-763C-4805-82BF-0DB304AD0D3D}.AppStore|iPhoneSimulator.ActiveCfg = Release|Any CPU
		{B031E1AB-763C-4805-82BF-0DB304AD0D3D}.AppStore|iPhoneSimulator.Build.0 = Release|Any CPU
		{B031E1AB-763C-4805-82BF-0DB304AD0D3D}.AppStore|iPhoneSimulator.Deploy.0 = Release|Any CPU
		{B031E1AB-763C-4805-82BF-0DB304AD0D3D}.AppStore|x64.ActiveCfg = Release|Any CPU
		{B031E1AB-763C-4805-82BF-0DB304AD0D3D}.AppStore|x64.Build.0 = Release|Any CPU
		{B031E1AB-763C-4805-82BF-0DB304AD0D3D}.AppStore|x64.Deploy.0 = Release|Any CPU
		{B031E1AB-763C-4805-82BF-0DB304AD0D3D}.AppStore|x86.ActiveCfg = Release|Any CPU
		{B031E1AB-763C-4805-82BF-0DB304AD0D3D}.AppStore|x86.Build.0 = Release|Any CPU
		{B031E1AB-763C-4805-82BF-0DB304AD0D3D}.AppStore|x86.Deploy.0 = Release|Any CPU
		{B031E1AB-763C-4805-82BF-0DB304AD0D3D}.Debug|Any CPU.ActiveCfg = Debug|Any CPU
		{B031E1AB-763C-4805-82BF-0DB304AD0D3D}.Debug|Any CPU.Build.0 = Debug|Any CPU
		{B031E1AB-763C-4805-82BF-0DB304AD0D3D}.Debug|Any CPU.Deploy.0 = Debug|Any CPU
		{B031E1AB-763C-4805-82BF-0DB304AD0D3D}.Debug|ARM.ActiveCfg = Debug|Any CPU
		{B031E1AB-763C-4805-82BF-0DB304AD0D3D}.Debug|ARM.Build.0 = Debug|Any CPU
		{B031E1AB-763C-4805-82BF-0DB304AD0D3D}.Debug|ARM.Deploy.0 = Debug|Any CPU
		{B031E1AB-763C-4805-82BF-0DB304AD0D3D}.Debug|iPhone.ActiveCfg = Debug|Any CPU
		{B031E1AB-763C-4805-82BF-0DB304AD0D3D}.Debug|iPhone.Build.0 = Debug|Any CPU
		{B031E1AB-763C-4805-82BF-0DB304AD0D3D}.Debug|iPhone.Deploy.0 = Debug|Any CPU
		{B031E1AB-763C-4805-82BF-0DB304AD0D3D}.Debug|iPhoneSimulator.ActiveCfg = Debug|Any CPU
		{B031E1AB-763C-4805-82BF-0DB304AD0D3D}.Debug|iPhoneSimulator.Build.0 = Debug|Any CPU
		{B031E1AB-763C-4805-82BF-0DB304AD0D3D}.Debug|iPhoneSimulator.Deploy.0 = Debug|Any CPU
		{B031E1AB-763C-4805-82BF-0DB304AD0D3D}.Debug|x64.ActiveCfg = Debug|Any CPU
		{B031E1AB-763C-4805-82BF-0DB304AD0D3D}.Debug|x64.Build.0 = Debug|Any CPU
		{B031E1AB-763C-4805-82BF-0DB304AD0D3D}.Debug|x64.Deploy.0 = Debug|Any CPU
		{B031E1AB-763C-4805-82BF-0DB304AD0D3D}.Debug|x86.ActiveCfg = Debug|Any CPU
		{B031E1AB-763C-4805-82BF-0DB304AD0D3D}.Debug|x86.Build.0 = Debug|Any CPU
		{B031E1AB-763C-4805-82BF-0DB304AD0D3D}.Debug|x86.Deploy.0 = Debug|Any CPU
		{B031E1AB-763C-4805-82BF-0DB304AD0D3D}.Release|Any CPU.ActiveCfg = Release|Any CPU
		{B031E1AB-763C-4805-82BF-0DB304AD0D3D}.Release|Any CPU.Build.0 = Release|Any CPU
		{B031E1AB-763C-4805-82BF-0DB304AD0D3D}.Release|Any CPU.Deploy.0 = Release|Any CPU
		{B031E1AB-763C-4805-82BF-0DB304AD0D3D}.Release|ARM.ActiveCfg = Release|Any CPU
		{B031E1AB-763C-4805-82BF-0DB304AD0D3D}.Release|ARM.Build.0 = Release|Any CPU
		{B031E1AB-763C-4805-82BF-0DB304AD0D3D}.Release|ARM.Deploy.0 = Release|Any CPU
		{B031E1AB-763C-4805-82BF-0DB304AD0D3D}.Release|iPhone.ActiveCfg = Release|Any CPU
		{B031E1AB-763C-4805-82BF-0DB304AD0D3D}.Release|iPhone.Build.0 = Release|Any CPU
		{B031E1AB-763C-4805-82BF-0DB304AD0D3D}.Release|iPhone.Deploy.0 = Release|Any CPU
		{B031E1AB-763C-4805-82BF-0DB304AD0D3D}.Release|iPhoneSimulator.ActiveCfg = Release|Any CPU
		{B031E1AB-763C-4805-82BF-0DB304AD0D3D}.Release|iPhoneSimulator.Build.0 = Release|Any CPU
		{B031E1AB-763C-4805-82BF-0DB304AD0D3D}.Release|iPhoneSimulator.Deploy.0 = Release|Any CPU
		{B031E1AB-763C-4805-82BF-0DB304AD0D3D}.Release|x64.ActiveCfg = Release|Any CPU
		{B031E1AB-763C-4805-82BF-0DB304AD0D3D}.Release|x64.Build.0 = Release|Any CPU
		{B031E1AB-763C-4805-82BF-0DB304AD0D3D}.Release|x64.Deploy.0 = Release|Any CPU
		{B031E1AB-763C-4805-82BF-0DB304AD0D3D}.Release|x86.ActiveCfg = Release|Any CPU
		{B031E1AB-763C-4805-82BF-0DB304AD0D3D}.Release|x86.Build.0 = Release|Any CPU
		{B031E1AB-763C-4805-82BF-0DB304AD0D3D}.Release|x86.Deploy.0 = Release|Any CPU
		{A42A5502-86BC-45C6-AD3D-54942980AF48}.Ad-Hoc|Any CPU.ActiveCfg = Ad-Hoc|iPhone
		{A42A5502-86BC-45C6-AD3D-54942980AF48}.Ad-Hoc|ARM.ActiveCfg = Ad-Hoc|iPhone
		{A42A5502-86BC-45C6-AD3D-54942980AF48}.Ad-Hoc|iPhone.ActiveCfg = Ad-Hoc|iPhone
		{A42A5502-86BC-45C6-AD3D-54942980AF48}.Ad-Hoc|iPhone.Build.0 = Ad-Hoc|iPhone
		{A42A5502-86BC-45C6-AD3D-54942980AF48}.Ad-Hoc|iPhoneSimulator.ActiveCfg = Ad-Hoc|iPhoneSimulator
		{A42A5502-86BC-45C6-AD3D-54942980AF48}.Ad-Hoc|iPhoneSimulator.Build.0 = Ad-Hoc|iPhoneSimulator
		{A42A5502-86BC-45C6-AD3D-54942980AF48}.Ad-Hoc|x64.ActiveCfg = Ad-Hoc|iPhone
		{A42A5502-86BC-45C6-AD3D-54942980AF48}.Ad-Hoc|x86.ActiveCfg = Ad-Hoc|iPhone
		{A42A5502-86BC-45C6-AD3D-54942980AF48}.AppStore|Any CPU.ActiveCfg = AppStore|iPhone
		{A42A5502-86BC-45C6-AD3D-54942980AF48}.AppStore|ARM.ActiveCfg = AppStore|iPhone
		{A42A5502-86BC-45C6-AD3D-54942980AF48}.AppStore|iPhone.ActiveCfg = AppStore|iPhone
		{A42A5502-86BC-45C6-AD3D-54942980AF48}.AppStore|iPhone.Build.0 = AppStore|iPhone
		{A42A5502-86BC-45C6-AD3D-54942980AF48}.AppStore|iPhoneSimulator.ActiveCfg = AppStore|iPhoneSimulator
		{A42A5502-86BC-45C6-AD3D-54942980AF48}.AppStore|iPhoneSimulator.Build.0 = AppStore|iPhoneSimulator
		{A42A5502-86BC-45C6-AD3D-54942980AF48}.AppStore|x64.ActiveCfg = AppStore|iPhone
		{A42A5502-86BC-45C6-AD3D-54942980AF48}.AppStore|x86.ActiveCfg = AppStore|iPhone
		{A42A5502-86BC-45C6-AD3D-54942980AF48}.Debug|Any CPU.ActiveCfg = Debug|iPhone
		{A42A5502-86BC-45C6-AD3D-54942980AF48}.Debug|ARM.ActiveCfg = Debug|iPhone
		{A42A5502-86BC-45C6-AD3D-54942980AF48}.Debug|iPhone.ActiveCfg = Debug|iPhone
		{A42A5502-86BC-45C6-AD3D-54942980AF48}.Debug|iPhone.Build.0 = Debug|iPhone
		{A42A5502-86BC-45C6-AD3D-54942980AF48}.Debug|iPhoneSimulator.ActiveCfg = Debug|iPhoneSimulator
		{A42A5502-86BC-45C6-AD3D-54942980AF48}.Debug|iPhoneSimulator.Build.0 = Debug|iPhoneSimulator
		{A42A5502-86BC-45C6-AD3D-54942980AF48}.Debug|x64.ActiveCfg = Debug|iPhone
		{A42A5502-86BC-45C6-AD3D-54942980AF48}.Debug|x86.ActiveCfg = Debug|iPhone
		{A42A5502-86BC-45C6-AD3D-54942980AF48}.Release|Any CPU.ActiveCfg = Release|iPhone
		{A42A5502-86BC-45C6-AD3D-54942980AF48}.Release|ARM.ActiveCfg = Release|iPhone
		{A42A5502-86BC-45C6-AD3D-54942980AF48}.Release|iPhone.ActiveCfg = Release|iPhone
		{A42A5502-86BC-45C6-AD3D-54942980AF48}.Release|iPhone.Build.0 = Release|iPhone
		{A42A5502-86BC-45C6-AD3D-54942980AF48}.Release|iPhoneSimulator.ActiveCfg = Release|iPhoneSimulator
		{A42A5502-86BC-45C6-AD3D-54942980AF48}.Release|iPhoneSimulator.Build.0 = Release|iPhoneSimulator
		{A42A5502-86BC-45C6-AD3D-54942980AF48}.Release|x64.ActiveCfg = Release|iPhone
		{A42A5502-86BC-45C6-AD3D-54942980AF48}.Release|x86.ActiveCfg = Release|iPhone
		{7DD55F88-479E-4BF3-8922-311F3FA77FF7}.Ad-Hoc|Any CPU.ActiveCfg = Release|Any CPU
		{7DD55F88-479E-4BF3-8922-311F3FA77FF7}.Ad-Hoc|Any CPU.Build.0 = Release|Any CPU
		{7DD55F88-479E-4BF3-8922-311F3FA77FF7}.Ad-Hoc|Any CPU.Deploy.0 = Release|Any CPU
		{7DD55F88-479E-4BF3-8922-311F3FA77FF7}.Ad-Hoc|ARM.ActiveCfg = Release|ARM
		{7DD55F88-479E-4BF3-8922-311F3FA77FF7}.Ad-Hoc|ARM.Build.0 = Release|ARM
		{7DD55F88-479E-4BF3-8922-311F3FA77FF7}.Ad-Hoc|ARM.Deploy.0 = Release|ARM
		{7DD55F88-479E-4BF3-8922-311F3FA77FF7}.Ad-Hoc|iPhone.ActiveCfg = Release|Any CPU
		{7DD55F88-479E-4BF3-8922-311F3FA77FF7}.Ad-Hoc|iPhone.Build.0 = Release|Any CPU
		{7DD55F88-479E-4BF3-8922-311F3FA77FF7}.Ad-Hoc|iPhone.Deploy.0 = Release|Any CPU
		{7DD55F88-479E-4BF3-8922-311F3FA77FF7}.Ad-Hoc|iPhoneSimulator.ActiveCfg = Release|Any CPU
		{7DD55F88-479E-4BF3-8922-311F3FA77FF7}.Ad-Hoc|iPhoneSimulator.Build.0 = Release|Any CPU
		{7DD55F88-479E-4BF3-8922-311F3FA77FF7}.Ad-Hoc|iPhoneSimulator.Deploy.0 = Release|Any CPU
		{7DD55F88-479E-4BF3-8922-311F3FA77FF7}.Ad-Hoc|x64.ActiveCfg = Release|Any CPU
		{7DD55F88-479E-4BF3-8922-311F3FA77FF7}.Ad-Hoc|x64.Build.0 = Release|Any CPU
		{7DD55F88-479E-4BF3-8922-311F3FA77FF7}.Ad-Hoc|x64.Deploy.0 = Release|Any CPU
		{7DD55F88-479E-4BF3-8922-311F3FA77FF7}.Ad-Hoc|x86.ActiveCfg = Release|x86
		{7DD55F88-479E-4BF3-8922-311F3FA77FF7}.Ad-Hoc|x86.Build.0 = Release|x86
		{7DD55F88-479E-4BF3-8922-311F3FA77FF7}.Ad-Hoc|x86.Deploy.0 = Release|x86
		{7DD55F88-479E-4BF3-8922-311F3FA77FF7}.AppStore|Any CPU.ActiveCfg = Release|Any CPU
		{7DD55F88-479E-4BF3-8922-311F3FA77FF7}.AppStore|Any CPU.Build.0 = Release|Any CPU
		{7DD55F88-479E-4BF3-8922-311F3FA77FF7}.AppStore|Any CPU.Deploy.0 = Release|Any CPU
		{7DD55F88-479E-4BF3-8922-311F3FA77FF7}.AppStore|ARM.ActiveCfg = Release|ARM
		{7DD55F88-479E-4BF3-8922-311F3FA77FF7}.AppStore|ARM.Build.0 = Release|ARM
		{7DD55F88-479E-4BF3-8922-311F3FA77FF7}.AppStore|ARM.Deploy.0 = Release|ARM
		{7DD55F88-479E-4BF3-8922-311F3FA77FF7}.AppStore|iPhone.ActiveCfg = Release|Any CPU
		{7DD55F88-479E-4BF3-8922-311F3FA77FF7}.AppStore|iPhone.Build.0 = Release|Any CPU
		{7DD55F88-479E-4BF3-8922-311F3FA77FF7}.AppStore|iPhone.Deploy.0 = Release|Any CPU
		{7DD55F88-479E-4BF3-8922-311F3FA77FF7}.AppStore|iPhoneSimulator.ActiveCfg = Release|Any CPU
		{7DD55F88-479E-4BF3-8922-311F3FA77FF7}.AppStore|iPhoneSimulator.Build.0 = Release|Any CPU
		{7DD55F88-479E-4BF3-8922-311F3FA77FF7}.AppStore|iPhoneSimulator.Deploy.0 = Release|Any CPU
		{7DD55F88-479E-4BF3-8922-311F3FA77FF7}.AppStore|x64.ActiveCfg = Release|Any CPU
		{7DD55F88-479E-4BF3-8922-311F3FA77FF7}.AppStore|x64.Build.0 = Release|Any CPU
		{7DD55F88-479E-4BF3-8922-311F3FA77FF7}.AppStore|x64.Deploy.0 = Release|Any CPU
		{7DD55F88-479E-4BF3-8922-311F3FA77FF7}.AppStore|x86.ActiveCfg = Release|x86
		{7DD55F88-479E-4BF3-8922-311F3FA77FF7}.AppStore|x86.Build.0 = Release|x86
		{7DD55F88-479E-4BF3-8922-311F3FA77FF7}.AppStore|x86.Deploy.0 = Release|x86
		{7DD55F88-479E-4BF3-8922-311F3FA77FF7}.Debug|Any CPU.ActiveCfg = Debug|Any CPU
		{7DD55F88-479E-4BF3-8922-311F3FA77FF7}.Debug|Any CPU.Build.0 = Debug|Any CPU
		{7DD55F88-479E-4BF3-8922-311F3FA77FF7}.Debug|Any CPU.Deploy.0 = Debug|Any CPU
		{7DD55F88-479E-4BF3-8922-311F3FA77FF7}.Debug|ARM.ActiveCfg = Debug|ARM
		{7DD55F88-479E-4BF3-8922-311F3FA77FF7}.Debug|ARM.Build.0 = Debug|ARM
		{7DD55F88-479E-4BF3-8922-311F3FA77FF7}.Debug|ARM.Deploy.0 = Debug|ARM
		{7DD55F88-479E-4BF3-8922-311F3FA77FF7}.Debug|iPhone.ActiveCfg = Debug|Any CPU
		{7DD55F88-479E-4BF3-8922-311F3FA77FF7}.Debug|iPhone.Build.0 = Debug|Any CPU
		{7DD55F88-479E-4BF3-8922-311F3FA77FF7}.Debug|iPhone.Deploy.0 = Debug|Any CPU
		{7DD55F88-479E-4BF3-8922-311F3FA77FF7}.Debug|iPhoneSimulator.ActiveCfg = Debug|Any CPU
		{7DD55F88-479E-4BF3-8922-311F3FA77FF7}.Debug|iPhoneSimulator.Build.0 = Debug|Any CPU
		{7DD55F88-479E-4BF3-8922-311F3FA77FF7}.Debug|iPhoneSimulator.Deploy.0 = Debug|Any CPU
		{7DD55F88-479E-4BF3-8922-311F3FA77FF7}.Debug|x64.ActiveCfg = Debug|Any CPU
		{7DD55F88-479E-4BF3-8922-311F3FA77FF7}.Debug|x64.Build.0 = Debug|Any CPU
		{7DD55F88-479E-4BF3-8922-311F3FA77FF7}.Debug|x64.Deploy.0 = Debug|Any CPU
		{7DD55F88-479E-4BF3-8922-311F3FA77FF7}.Debug|x86.ActiveCfg = Debug|x86
		{7DD55F88-479E-4BF3-8922-311F3FA77FF7}.Debug|x86.Build.0 = Debug|x86
		{7DD55F88-479E-4BF3-8922-311F3FA77FF7}.Debug|x86.Deploy.0 = Debug|x86
		{7DD55F88-479E-4BF3-8922-311F3FA77FF7}.Release|Any CPU.ActiveCfg = Release|Any CPU
		{7DD55F88-479E-4BF3-8922-311F3FA77FF7}.Release|Any CPU.Build.0 = Release|Any CPU
		{7DD55F88-479E-4BF3-8922-311F3FA77FF7}.Release|Any CPU.Deploy.0 = Release|Any CPU
		{7DD55F88-479E-4BF3-8922-311F3FA77FF7}.Release|ARM.ActiveCfg = Release|ARM
		{7DD55F88-479E-4BF3-8922-311F3FA77FF7}.Release|ARM.Build.0 = Release|ARM
		{7DD55F88-479E-4BF3-8922-311F3FA77FF7}.Release|ARM.Deploy.0 = Release|ARM
		{7DD55F88-479E-4BF3-8922-311F3FA77FF7}.Release|iPhone.ActiveCfg = Release|Any CPU
		{7DD55F88-479E-4BF3-8922-311F3FA77FF7}.Release|iPhone.Build.0 = Release|Any CPU
		{7DD55F88-479E-4BF3-8922-311F3FA77FF7}.Release|iPhone.Deploy.0 = Release|Any CPU
		{7DD55F88-479E-4BF3-8922-311F3FA77FF7}.Release|iPhoneSimulator.ActiveCfg = Release|Any CPU
		{7DD55F88-479E-4BF3-8922-311F3FA77FF7}.Release|iPhoneSimulator.Build.0 = Release|Any CPU
		{7DD55F88-479E-4BF3-8922-311F3FA77FF7}.Release|iPhoneSimulator.Deploy.0 = Release|Any CPU
		{7DD55F88-479E-4BF3-8922-311F3FA77FF7}.Release|x64.ActiveCfg = Release|Any CPU
		{7DD55F88-479E-4BF3-8922-311F3FA77FF7}.Release|x64.Build.0 = Release|Any CPU
		{7DD55F88-479E-4BF3-8922-311F3FA77FF7}.Release|x64.Deploy.0 = Release|Any CPU
		{7DD55F88-479E-4BF3-8922-311F3FA77FF7}.Release|x86.ActiveCfg = Release|x86
		{7DD55F88-479E-4BF3-8922-311F3FA77FF7}.Release|x86.Build.0 = Release|x86
		{7DD55F88-479E-4BF3-8922-311F3FA77FF7}.Release|x86.Deploy.0 = Release|x86
		{BF44464C-6AF1-4E31-894B-FC182DAA1954}.Ad-Hoc|Any CPU.ActiveCfg = Release|x86
		{BF44464C-6AF1-4E31-894B-FC182DAA1954}.Ad-Hoc|Any CPU.Build.0 = Release|x86
		{BF44464C-6AF1-4E31-894B-FC182DAA1954}.Ad-Hoc|Any CPU.Deploy.0 = Release|x86
		{BF44464C-6AF1-4E31-894B-FC182DAA1954}.Ad-Hoc|ARM.ActiveCfg = Release|ARM
		{BF44464C-6AF1-4E31-894B-FC182DAA1954}.Ad-Hoc|ARM.Build.0 = Release|ARM
		{BF44464C-6AF1-4E31-894B-FC182DAA1954}.Ad-Hoc|ARM.Deploy.0 = Release|ARM
		{BF44464C-6AF1-4E31-894B-FC182DAA1954}.Ad-Hoc|iPhone.ActiveCfg = Release|x86
		{BF44464C-6AF1-4E31-894B-FC182DAA1954}.Ad-Hoc|iPhone.Build.0 = Release|x86
		{BF44464C-6AF1-4E31-894B-FC182DAA1954}.Ad-Hoc|iPhone.Deploy.0 = Release|x86
		{BF44464C-6AF1-4E31-894B-FC182DAA1954}.Ad-Hoc|iPhoneSimulator.ActiveCfg = Release|x86
		{BF44464C-6AF1-4E31-894B-FC182DAA1954}.Ad-Hoc|iPhoneSimulator.Build.0 = Release|x86
		{BF44464C-6AF1-4E31-894B-FC182DAA1954}.Ad-Hoc|iPhoneSimulator.Deploy.0 = Release|x86
		{BF44464C-6AF1-4E31-894B-FC182DAA1954}.Ad-Hoc|x64.ActiveCfg = Release|x64
		{BF44464C-6AF1-4E31-894B-FC182DAA1954}.Ad-Hoc|x64.Build.0 = Release|x64
		{BF44464C-6AF1-4E31-894B-FC182DAA1954}.Ad-Hoc|x64.Deploy.0 = Release|x64
		{BF44464C-6AF1-4E31-894B-FC182DAA1954}.Ad-Hoc|x86.ActiveCfg = Release|x86
		{BF44464C-6AF1-4E31-894B-FC182DAA1954}.Ad-Hoc|x86.Build.0 = Release|x86
		{BF44464C-6AF1-4E31-894B-FC182DAA1954}.Ad-Hoc|x86.Deploy.0 = Release|x86
		{BF44464C-6AF1-4E31-894B-FC182DAA1954}.AppStore|Any CPU.ActiveCfg = Release|x86
		{BF44464C-6AF1-4E31-894B-FC182DAA1954}.AppStore|Any CPU.Build.0 = Release|x86
		{BF44464C-6AF1-4E31-894B-FC182DAA1954}.AppStore|Any CPU.Deploy.0 = Release|x86
		{BF44464C-6AF1-4E31-894B-FC182DAA1954}.AppStore|ARM.ActiveCfg = Release|ARM
		{BF44464C-6AF1-4E31-894B-FC182DAA1954}.AppStore|ARM.Build.0 = Release|ARM
		{BF44464C-6AF1-4E31-894B-FC182DAA1954}.AppStore|ARM.Deploy.0 = Release|ARM
		{BF44464C-6AF1-4E31-894B-FC182DAA1954}.AppStore|iPhone.ActiveCfg = Release|x86
		{BF44464C-6AF1-4E31-894B-FC182DAA1954}.AppStore|iPhone.Build.0 = Release|x86
		{BF44464C-6AF1-4E31-894B-FC182DAA1954}.AppStore|iPhone.Deploy.0 = Release|x86
		{BF44464C-6AF1-4E31-894B-FC182DAA1954}.AppStore|iPhoneSimulator.ActiveCfg = Release|x86
		{BF44464C-6AF1-4E31-894B-FC182DAA1954}.AppStore|iPhoneSimulator.Build.0 = Release|x86
		{BF44464C-6AF1-4E31-894B-FC182DAA1954}.AppStore|iPhoneSimulator.Deploy.0 = Release|x86
		{BF44464C-6AF1-4E31-894B-FC182DAA1954}.AppStore|x64.ActiveCfg = Release|x64
		{BF44464C-6AF1-4E31-894B-FC182DAA1954}.AppStore|x64.Build.0 = Release|x64
		{BF44464C-6AF1-4E31-894B-FC182DAA1954}.AppStore|x64.Deploy.0 = Release|x64
		{BF44464C-6AF1-4E31-894B-FC182DAA1954}.AppStore|x86.ActiveCfg = Release|x86
		{BF44464C-6AF1-4E31-894B-FC182DAA1954}.AppStore|x86.Build.0 = Release|x86
		{BF44464C-6AF1-4E31-894B-FC182DAA1954}.AppStore|x86.Deploy.0 = Release|x86
		{BF44464C-6AF1-4E31-894B-FC182DAA1954}.Debug|Any CPU.ActiveCfg = Debug|x86
		{BF44464C-6AF1-4E31-894B-FC182DAA1954}.Debug|Any CPU.Build.0 = Debug|x86
		{BF44464C-6AF1-4E31-894B-FC182DAA1954}.Debug|Any CPU.Deploy.0 = Debug|x86
		{BF44464C-6AF1-4E31-894B-FC182DAA1954}.Debug|ARM.ActiveCfg = Debug|ARM
		{BF44464C-6AF1-4E31-894B-FC182DAA1954}.Debug|ARM.Build.0 = Debug|ARM
		{BF44464C-6AF1-4E31-894B-FC182DAA1954}.Debug|ARM.Deploy.0 = Debug|ARM
		{BF44464C-6AF1-4E31-894B-FC182DAA1954}.Debug|iPhone.ActiveCfg = Debug|x86
		{BF44464C-6AF1-4E31-894B-FC182DAA1954}.Debug|iPhone.Build.0 = Debug|x86
		{BF44464C-6AF1-4E31-894B-FC182DAA1954}.Debug|iPhone.Deploy.0 = Debug|x86
		{BF44464C-6AF1-4E31-894B-FC182DAA1954}.Debug|iPhoneSimulator.ActiveCfg = Debug|x86
		{BF44464C-6AF1-4E31-894B-FC182DAA1954}.Debug|x64.ActiveCfg = Debug|x64
		{BF44464C-6AF1-4E31-894B-FC182DAA1954}.Debug|x64.Build.0 = Debug|x64
		{BF44464C-6AF1-4E31-894B-FC182DAA1954}.Debug|x64.Deploy.0 = Debug|x64
		{BF44464C-6AF1-4E31-894B-FC182DAA1954}.Debug|x86.ActiveCfg = Debug|x86
		{BF44464C-6AF1-4E31-894B-FC182DAA1954}.Debug|x86.Build.0 = Debug|x86
		{BF44464C-6AF1-4E31-894B-FC182DAA1954}.Debug|x86.Deploy.0 = Debug|x86
		{BF44464C-6AF1-4E31-894B-FC182DAA1954}.Release|Any CPU.ActiveCfg = Release|x86
		{BF44464C-6AF1-4E31-894B-FC182DAA1954}.Release|ARM.ActiveCfg = Release|ARM
		{BF44464C-6AF1-4E31-894B-FC182DAA1954}.Release|ARM.Build.0 = Release|ARM
		{BF44464C-6AF1-4E31-894B-FC182DAA1954}.Release|ARM.Deploy.0 = Release|ARM
		{BF44464C-6AF1-4E31-894B-FC182DAA1954}.Release|iPhone.ActiveCfg = Release|x86
		{BF44464C-6AF1-4E31-894B-FC182DAA1954}.Release|iPhoneSimulator.ActiveCfg = Release|x86
		{BF44464C-6AF1-4E31-894B-FC182DAA1954}.Release|x64.ActiveCfg = Release|x64
		{BF44464C-6AF1-4E31-894B-FC182DAA1954}.Release|x64.Build.0 = Release|x64
		{BF44464C-6AF1-4E31-894B-FC182DAA1954}.Release|x64.Deploy.0 = Release|x64
		{BF44464C-6AF1-4E31-894B-FC182DAA1954}.Release|x86.ActiveCfg = Release|x86
		{BF44464C-6AF1-4E31-894B-FC182DAA1954}.Release|x86.Build.0 = Release|x86
		{BF44464C-6AF1-4E31-894B-FC182DAA1954}.Release|x86.Deploy.0 = Release|x86
		{EEED0F39-82C2-44B4-A5EC-EB3E61E6CCD0}.Ad-Hoc|Any CPU.ActiveCfg = Release|Any CPU
		{EEED0F39-82C2-44B4-A5EC-EB3E61E6CCD0}.Ad-Hoc|Any CPU.Build.0 = Release|Any CPU
		{EEED0F39-82C2-44B4-A5EC-EB3E61E6CCD0}.Ad-Hoc|Any CPU.Deploy.0 = Release|Any CPU
		{EEED0F39-82C2-44B4-A5EC-EB3E61E6CCD0}.Ad-Hoc|ARM.ActiveCfg = Release|ARM
		{EEED0F39-82C2-44B4-A5EC-EB3E61E6CCD0}.Ad-Hoc|ARM.Build.0 = Release|ARM
		{EEED0F39-82C2-44B4-A5EC-EB3E61E6CCD0}.Ad-Hoc|ARM.Deploy.0 = Release|ARM
		{EEED0F39-82C2-44B4-A5EC-EB3E61E6CCD0}.Ad-Hoc|iPhone.ActiveCfg = Release|Any CPU
		{EEED0F39-82C2-44B4-A5EC-EB3E61E6CCD0}.Ad-Hoc|iPhone.Build.0 = Release|Any CPU
		{EEED0F39-82C2-44B4-A5EC-EB3E61E6CCD0}.Ad-Hoc|iPhone.Deploy.0 = Release|Any CPU
		{EEED0F39-82C2-44B4-A5EC-EB3E61E6CCD0}.Ad-Hoc|iPhoneSimulator.ActiveCfg = Release|Any CPU
		{EEED0F39-82C2-44B4-A5EC-EB3E61E6CCD0}.Ad-Hoc|iPhoneSimulator.Build.0 = Release|Any CPU
		{EEED0F39-82C2-44B4-A5EC-EB3E61E6CCD0}.Ad-Hoc|iPhoneSimulator.Deploy.0 = Release|Any CPU
		{EEED0F39-82C2-44B4-A5EC-EB3E61E6CCD0}.Ad-Hoc|x64.ActiveCfg = Release|x64
		{EEED0F39-82C2-44B4-A5EC-EB3E61E6CCD0}.Ad-Hoc|x64.Build.0 = Release|x64
		{EEED0F39-82C2-44B4-A5EC-EB3E61E6CCD0}.Ad-Hoc|x64.Deploy.0 = Release|x64
		{EEED0F39-82C2-44B4-A5EC-EB3E61E6CCD0}.Ad-Hoc|x86.ActiveCfg = Release|x86
		{EEED0F39-82C2-44B4-A5EC-EB3E61E6CCD0}.Ad-Hoc|x86.Build.0 = Release|x86
		{EEED0F39-82C2-44B4-A5EC-EB3E61E6CCD0}.Ad-Hoc|x86.Deploy.0 = Release|x86
		{EEED0F39-82C2-44B4-A5EC-EB3E61E6CCD0}.AppStore|Any CPU.ActiveCfg = Release|Any CPU
		{EEED0F39-82C2-44B4-A5EC-EB3E61E6CCD0}.AppStore|Any CPU.Build.0 = Release|Any CPU
		{EEED0F39-82C2-44B4-A5EC-EB3E61E6CCD0}.AppStore|Any CPU.Deploy.0 = Release|Any CPU
		{EEED0F39-82C2-44B4-A5EC-EB3E61E6CCD0}.AppStore|ARM.ActiveCfg = Release|ARM
		{EEED0F39-82C2-44B4-A5EC-EB3E61E6CCD0}.AppStore|ARM.Build.0 = Release|ARM
		{EEED0F39-82C2-44B4-A5EC-EB3E61E6CCD0}.AppStore|ARM.Deploy.0 = Release|ARM
		{EEED0F39-82C2-44B4-A5EC-EB3E61E6CCD0}.AppStore|iPhone.ActiveCfg = Release|Any CPU
		{EEED0F39-82C2-44B4-A5EC-EB3E61E6CCD0}.AppStore|iPhone.Build.0 = Release|Any CPU
		{EEED0F39-82C2-44B4-A5EC-EB3E61E6CCD0}.AppStore|iPhone.Deploy.0 = Release|Any CPU
		{EEED0F39-82C2-44B4-A5EC-EB3E61E6CCD0}.AppStore|iPhoneSimulator.ActiveCfg = Release|Any CPU
		{EEED0F39-82C2-44B4-A5EC-EB3E61E6CCD0}.AppStore|iPhoneSimulator.Build.0 = Release|Any CPU
		{EEED0F39-82C2-44B4-A5EC-EB3E61E6CCD0}.AppStore|iPhoneSimulator.Deploy.0 = Release|Any CPU
		{EEED0F39-82C2-44B4-A5EC-EB3E61E6CCD0}.AppStore|x64.ActiveCfg = Release|x64
		{EEED0F39-82C2-44B4-A5EC-EB3E61E6CCD0}.AppStore|x64.Build.0 = Release|x64
		{EEED0F39-82C2-44B4-A5EC-EB3E61E6CCD0}.AppStore|x64.Deploy.0 = Release|x64
		{EEED0F39-82C2-44B4-A5EC-EB3E61E6CCD0}.AppStore|x86.ActiveCfg = Release|x86
		{EEED0F39-82C2-44B4-A5EC-EB3E61E6CCD0}.AppStore|x86.Build.0 = Release|x86
		{EEED0F39-82C2-44B4-A5EC-EB3E61E6CCD0}.AppStore|x86.Deploy.0 = Release|x86
		{EEED0F39-82C2-44B4-A5EC-EB3E61E6CCD0}.Debug|Any CPU.ActiveCfg = Debug|Any CPU
		{EEED0F39-82C2-44B4-A5EC-EB3E61E6CCD0}.Debug|Any CPU.Build.0 = Debug|Any CPU
		{EEED0F39-82C2-44B4-A5EC-EB3E61E6CCD0}.Debug|Any CPU.Deploy.0 = Debug|Any CPU
		{EEED0F39-82C2-44B4-A5EC-EB3E61E6CCD0}.Debug|ARM.ActiveCfg = Debug|ARM
		{EEED0F39-82C2-44B4-A5EC-EB3E61E6CCD0}.Debug|ARM.Build.0 = Debug|ARM
		{EEED0F39-82C2-44B4-A5EC-EB3E61E6CCD0}.Debug|ARM.Deploy.0 = Debug|ARM
		{EEED0F39-82C2-44B4-A5EC-EB3E61E6CCD0}.Debug|iPhone.ActiveCfg = Debug|Any CPU
		{EEED0F39-82C2-44B4-A5EC-EB3E61E6CCD0}.Debug|iPhone.Build.0 = Debug|Any CPU
		{EEED0F39-82C2-44B4-A5EC-EB3E61E6CCD0}.Debug|iPhone.Deploy.0 = Debug|Any CPU
		{EEED0F39-82C2-44B4-A5EC-EB3E61E6CCD0}.Debug|iPhoneSimulator.ActiveCfg = Debug|Any CPU
		{EEED0F39-82C2-44B4-A5EC-EB3E61E6CCD0}.Debug|iPhoneSimulator.Build.0 = Debug|Any CPU
		{EEED0F39-82C2-44B4-A5EC-EB3E61E6CCD0}.Debug|iPhoneSimulator.Deploy.0 = Debug|Any CPU
		{EEED0F39-82C2-44B4-A5EC-EB3E61E6CCD0}.Debug|x64.ActiveCfg = Debug|x64
		{EEED0F39-82C2-44B4-A5EC-EB3E61E6CCD0}.Debug|x64.Build.0 = Debug|x64
		{EEED0F39-82C2-44B4-A5EC-EB3E61E6CCD0}.Debug|x64.Deploy.0 = Debug|x64
		{EEED0F39-82C2-44B4-A5EC-EB3E61E6CCD0}.Debug|x86.ActiveCfg = Debug|x86
		{EEED0F39-82C2-44B4-A5EC-EB3E61E6CCD0}.Debug|x86.Build.0 = Debug|x86
		{EEED0F39-82C2-44B4-A5EC-EB3E61E6CCD0}.Debug|x86.Deploy.0 = Debug|x86
		{EEED0F39-82C2-44B4-A5EC-EB3E61E6CCD0}.Release|Any CPU.ActiveCfg = Release|Any CPU
		{EEED0F39-82C2-44B4-A5EC-EB3E61E6CCD0}.Release|Any CPU.Build.0 = Release|Any CPU
		{EEED0F39-82C2-44B4-A5EC-EB3E61E6CCD0}.Release|Any CPU.Deploy.0 = Release|Any CPU
		{EEED0F39-82C2-44B4-A5EC-EB3E61E6CCD0}.Release|ARM.ActiveCfg = Release|ARM
		{EEED0F39-82C2-44B4-A5EC-EB3E61E6CCD0}.Release|ARM.Build.0 = Release|ARM
		{EEED0F39-82C2-44B4-A5EC-EB3E61E6CCD0}.Release|ARM.Deploy.0 = Release|ARM
		{EEED0F39-82C2-44B4-A5EC-EB3E61E6CCD0}.Release|iPhone.ActiveCfg = Release|Any CPU
		{EEED0F39-82C2-44B4-A5EC-EB3E61E6CCD0}.Release|iPhone.Build.0 = Release|Any CPU
		{EEED0F39-82C2-44B4-A5EC-EB3E61E6CCD0}.Release|iPhone.Deploy.0 = Release|Any CPU
		{EEED0F39-82C2-44B4-A5EC-EB3E61E6CCD0}.Release|iPhoneSimulator.ActiveCfg = Release|Any CPU
		{EEED0F39-82C2-44B4-A5EC-EB3E61E6CCD0}.Release|iPhoneSimulator.Build.0 = Release|Any CPU
		{EEED0F39-82C2-44B4-A5EC-EB3E61E6CCD0}.Release|iPhoneSimulator.Deploy.0 = Release|Any CPU
		{EEED0F39-82C2-44B4-A5EC-EB3E61E6CCD0}.Release|x64.ActiveCfg = Release|x64
		{EEED0F39-82C2-44B4-A5EC-EB3E61E6CCD0}.Release|x64.Build.0 = Release|x64
		{EEED0F39-82C2-44B4-A5EC-EB3E61E6CCD0}.Release|x64.Deploy.0 = Release|x64
		{EEED0F39-82C2-44B4-A5EC-EB3E61E6CCD0}.Release|x86.ActiveCfg = Release|x86
		{EEED0F39-82C2-44B4-A5EC-EB3E61E6CCD0}.Release|x86.Build.0 = Release|x86
		{EEED0F39-82C2-44B4-A5EC-EB3E61E6CCD0}.Release|x86.Deploy.0 = Release|x86
		{8F406DEA-06C3-4686-831D-6995B8E6F9B1}.Ad-Hoc|Any CPU.ActiveCfg = Release|Any CPU
		{8F406DEA-06C3-4686-831D-6995B8E6F9B1}.Ad-Hoc|Any CPU.Build.0 = Release|Any CPU
		{8F406DEA-06C3-4686-831D-6995B8E6F9B1}.Ad-Hoc|ARM.ActiveCfg = Release|Any CPU
		{8F406DEA-06C3-4686-831D-6995B8E6F9B1}.Ad-Hoc|ARM.Build.0 = Release|Any CPU
		{8F406DEA-06C3-4686-831D-6995B8E6F9B1}.Ad-Hoc|iPhone.ActiveCfg = Release|Any CPU
		{8F406DEA-06C3-4686-831D-6995B8E6F9B1}.Ad-Hoc|iPhone.Build.0 = Release|Any CPU
		{8F406DEA-06C3-4686-831D-6995B8E6F9B1}.Ad-Hoc|iPhoneSimulator.ActiveCfg = Release|Any CPU
		{8F406DEA-06C3-4686-831D-6995B8E6F9B1}.Ad-Hoc|iPhoneSimulator.Build.0 = Release|Any CPU
		{8F406DEA-06C3-4686-831D-6995B8E6F9B1}.Ad-Hoc|x64.ActiveCfg = Release|Any CPU
		{8F406DEA-06C3-4686-831D-6995B8E6F9B1}.Ad-Hoc|x64.Build.0 = Release|Any CPU
		{8F406DEA-06C3-4686-831D-6995B8E6F9B1}.Ad-Hoc|x86.ActiveCfg = Release|Any CPU
		{8F406DEA-06C3-4686-831D-6995B8E6F9B1}.Ad-Hoc|x86.Build.0 = Release|Any CPU
		{8F406DEA-06C3-4686-831D-6995B8E6F9B1}.AppStore|Any CPU.ActiveCfg = Release|Any CPU
		{8F406DEA-06C3-4686-831D-6995B8E6F9B1}.AppStore|Any CPU.Build.0 = Release|Any CPU
		{8F406DEA-06C3-4686-831D-6995B8E6F9B1}.AppStore|ARM.ActiveCfg = Release|Any CPU
		{8F406DEA-06C3-4686-831D-6995B8E6F9B1}.AppStore|ARM.Build.0 = Release|Any CPU
		{8F406DEA-06C3-4686-831D-6995B8E6F9B1}.AppStore|iPhone.ActiveCfg = Release|Any CPU
		{8F406DEA-06C3-4686-831D-6995B8E6F9B1}.AppStore|iPhone.Build.0 = Release|Any CPU
		{8F406DEA-06C3-4686-831D-6995B8E6F9B1}.AppStore|iPhoneSimulator.ActiveCfg = Release|Any CPU
		{8F406DEA-06C3-4686-831D-6995B8E6F9B1}.AppStore|iPhoneSimulator.Build.0 = Release|Any CPU
		{8F406DEA-06C3-4686-831D-6995B8E6F9B1}.AppStore|x64.ActiveCfg = Release|Any CPU
		{8F406DEA-06C3-4686-831D-6995B8E6F9B1}.AppStore|x64.Build.0 = Release|Any CPU
		{8F406DEA-06C3-4686-831D-6995B8E6F9B1}.AppStore|x86.ActiveCfg = Release|Any CPU
		{8F406DEA-06C3-4686-831D-6995B8E6F9B1}.AppStore|x86.Build.0 = Release|Any CPU
		{8F406DEA-06C3-4686-831D-6995B8E6F9B1}.Debug|Any CPU.ActiveCfg = Debug|Any CPU
		{8F406DEA-06C3-4686-831D-6995B8E6F9B1}.Debug|Any CPU.Build.0 = Debug|Any CPU
		{8F406DEA-06C3-4686-831D-6995B8E6F9B1}.Debug|ARM.ActiveCfg = Debug|Any CPU
		{8F406DEA-06C3-4686-831D-6995B8E6F9B1}.Debug|ARM.Build.0 = Debug|Any CPU
		{8F406DEA-06C3-4686-831D-6995B8E6F9B1}.Debug|iPhone.ActiveCfg = Debug|Any CPU
		{8F406DEA-06C3-4686-831D-6995B8E6F9B1}.Debug|iPhone.Build.0 = Debug|Any CPU
		{8F406DEA-06C3-4686-831D-6995B8E6F9B1}.Debug|iPhoneSimulator.ActiveCfg = Debug|Any CPU
		{8F406DEA-06C3-4686-831D-6995B8E6F9B1}.Debug|iPhoneSimulator.Build.0 = Debug|Any CPU
		{8F406DEA-06C3-4686-831D-6995B8E6F9B1}.Debug|x64.ActiveCfg = Debug|Any CPU
		{8F406DEA-06C3-4686-831D-6995B8E6F9B1}.Debug|x64.Build.0 = Debug|Any CPU
		{8F406DEA-06C3-4686-831D-6995B8E6F9B1}.Debug|x86.ActiveCfg = Debug|Any CPU
		{8F406DEA-06C3-4686-831D-6995B8E6F9B1}.Debug|x86.Build.0 = Debug|Any CPU
		{8F406DEA-06C3-4686-831D-6995B8E6F9B1}.Release|Any CPU.ActiveCfg = Release|Any CPU
		{8F406DEA-06C3-4686-831D-6995B8E6F9B1}.Release|Any CPU.Build.0 = Release|Any CPU
		{8F406DEA-06C3-4686-831D-6995B8E6F9B1}.Release|ARM.ActiveCfg = Release|Any CPU
		{8F406DEA-06C3-4686-831D-6995B8E6F9B1}.Release|ARM.Build.0 = Release|Any CPU
		{8F406DEA-06C3-4686-831D-6995B8E6F9B1}.Release|iPhone.ActiveCfg = Release|Any CPU
		{8F406DEA-06C3-4686-831D-6995B8E6F9B1}.Release|iPhone.Build.0 = Release|Any CPU
		{8F406DEA-06C3-4686-831D-6995B8E6F9B1}.Release|iPhoneSimulator.ActiveCfg = Release|Any CPU
		{8F406DEA-06C3-4686-831D-6995B8E6F9B1}.Release|iPhoneSimulator.Build.0 = Release|Any CPU
		{8F406DEA-06C3-4686-831D-6995B8E6F9B1}.Release|x64.ActiveCfg = Release|Any CPU
		{8F406DEA-06C3-4686-831D-6995B8E6F9B1}.Release|x64.Build.0 = Release|Any CPU
		{8F406DEA-06C3-4686-831D-6995B8E6F9B1}.Release|x86.ActiveCfg = Release|Any CPU
		{8F406DEA-06C3-4686-831D-6995B8E6F9B1}.Release|x86.Build.0 = Release|Any CPU
	EndGlobalSection
	GlobalSection(SolutionProperties) = preSolution
		HideSolutionNode = FALSE
	EndGlobalSection
	GlobalSection(NestedProjects) = preSolution
		{02968613-B40D-4BF1-9610-0D4DBD10E400} = {06380C11-A014-42EB-B123-4E5DA717AEA9}
		{B031E1AB-763C-4805-82BF-0DB304AD0D3D} = {06380C11-A014-42EB-B123-4E5DA717AEA9}
		{A42A5502-86BC-45C6-AD3D-54942980AF48} = {06380C11-A014-42EB-B123-4E5DA717AEA9}
		{7DD55F88-479E-4BF3-8922-311F3FA77FF7} = {06380C11-A014-42EB-B123-4E5DA717AEA9}
		{BF44464C-6AF1-4E31-894B-FC182DAA1954} = {06380C11-A014-42EB-B123-4E5DA717AEA9}
		{EEED0F39-82C2-44B4-A5EC-EB3E61E6CCD0} = {06380C11-A014-42EB-B123-4E5DA717AEA9}
		{8F406DEA-06C3-4686-831D-6995B8E6F9B1} = {D1211404-B6B9-4A8D-BE00-9E3B3D1F82CF}
		{06380C11-A014-42EB-B123-4E5DA717AEA9} = {D1211404-B6B9-4A8D-BE00-9E3B3D1F82CF}
	EndGlobalSection
EndGlobal
